{
  "version": 4,
  "terraform_version": "1.5.7",
  "serial": 291,
  "lineage": "56e5784c-bced-e8a1-ad6c-cd94d045f598",
  "outputs": {
    "kube_config": {
      "value": [
        {
          "client_certificate": "LS0tLS1CRUdJTiBDRVJUSUZJQ0FURS0tLS0tCk1JSUZIakNDQXdhZ0F3SUJBZ0lSQUpIcHY1NDBvZjRCT3BOdTc4Z2p3djB3RFFZSktvWklodmNOQVFFTEJRQXcKRFRFTE1Ba0dBMVVFQXhNQ1kyRXdIaGNOTWpVd056STJNRGt6T0RVMVdoY05NamN3TnpJMk1EazBPRFUxV2pBdwpNUmN3RlFZRFZRUUtFdzV6ZVhOMFpXMDZiV0Z6ZEdWeWN6RVZNQk1HQTFVRUF4TU1iV0Z6ZEdWeVkyeHBaVzUwCk1JSUNJakFOQmdrcWhraUc5dzBCQVFFRkFBT0NBZzhBTUlJQ0NnS0NBZ0VBN2psYVNvbmdaaEgwOGZPcEF4NlAKandrOUdUU0xibkovN2ZNN09DQ3RmMHNibDBwVUs4c3dZaEZHblRLOHlIbDRoTUtWajhHYnQ0YjJCU2E5OUtpSApQa1BHdHE4Qm1OVEpQMldVVzBSNHV4VXBZaTVNMkFZcVA1ZzhucFRLWWlWT0tpZHVISkJrZE5LaSsxS3Y3M3FVCk5iTkh6d2xmOVZidzBTTmxIdzFNUk16VlBBWmZvWHJHVjh5TFZtMklFVk5TZ09XWHRzY2REYWVtR1RCRVNxa0kKdTM0Uk52M2dDMTh4MlhvMm93d2plRE9KdGtwZkJ2UHZXdThKb1RRaXVtY3J2ai9kNUl5OFQ3T1VIMTZSR1RRawpRa0dNY1dzV21panlBTDFrSGEra2hrVEhXUG44L1Y2K1BkakVhcTVJM2dTTENielN3YUpoM0srVXR4dzVZV1RUCkdUODIwNnc3M2xnMmt0UGRWRjF5NTNoVG1teEpLbVhQS0U5NnROekJkQWVyUi9OcmZPc2RIeUluL2drMjJlNDEKdk9rL0NQYlFLSGJ4ZXlyUlpIRFM2M1c0V0FtU0kvWlAweW9QUDIyaFdSbmRpSTNISTdWVVdwR2ZGRU9JZHVIVQp0RGFOSWVzbjF0STRYK2FQMTNIK1A1a2lXdFlvNjVnQklNd3BKQmNLRHRoWW4vVm5NL3prYzBiRmJyU3liSHM2CjJYek00VTVNQmR5SUZaVkZtUURWUDlyVnpsUHRZbGFpSUw3eFROcTduSE1MOGhOZTlZaXhBOUR0Mkg5ZmZadlkKME9Va0hIQzN2ZlkxM0JVK0NiOFc5dnB0VkhySlhsM0d6c2VLSWR4UjRxVnBsdUlNU21QRGJDSDF4VUMxdXI1MgpleHNBZGhHNTQ5aGxJS2xMaUVBRllPa0NBd0VBQWFOV01GUXdEZ1lEVlIwUEFRSC9CQVFEQWdXZ01CTUdBMVVkCkpRUU1NQW9HQ0NzR0FRVUZCd01DTUF3R0ExVWRFd0VCL3dRQ01BQXdId1lEVlIwakJCZ3dGb0FVL0Y3SUlYUHYKMGlpOHI4QU5neU0vSWY3eDhMZ3dEUVlKS29aSWh2Y05BUUVMQlFBRGdnSUJBQldlRlRvU29CWHFaUzU4K0dxcApHZVpJODBwSWs0NnVYa01MUVVOeHZuMlBMVXcvell0ZURXMXl1YmxnZU1KWlg0WUpDb1V1NVRabkJFR3FGc01HCjdkYUpmN2tFai9sVXR6cXZnVkE0dTlvN2IwTStwMm51cDdIMXNsWFpHYmVweVhKR3dvVGNWdmtkTjQ1UXgyS2wKOGZSNm1yZjN6Z1oxanZHbUZrMWlHcVpSckIyVXBIL0E5OEZYZXhUU2FMMEVvaktCOEp2MHZoMERMNzg2NHo4bQpraUlPY3lzSmtjdEtPVjc0OFl1WlU0YlRPZDN1dVZOSmRhU1VzSWE4d2lrbm9uK29BOXVGRTlSZnpiY1MvdkVPCnFiN3R6MlYvVHdrRDNabjEzZkp4QWRVbTUzNVJsaFZ5RElhbHdiNG5HUDhCZ2owNG1zemI1VFE5RmlKcUNSVGkKVnNaMG1ZWit2OUs5azJQdEJWWFJiVVlZVjVjWGJtYTkrMkx3YmxZMzA2WmtyN2IrOC9oQkVjbUpZYnZDQ3FreQp5SGNCeGJJME1ydFpVbVI5MXdOaTVTbkltazl2dXBLSFVhRTZQM0ZJMGhFNnBkczVzUXRpdVBNLzQ4R1Y2ZExOCjZ2RmYycUx4bDZkYm5EcUZqbnZ1TGJPVjZnSnFqblRON0RUenFFZVRQRHp5a0N1eXFrcnNvWXIyaDVWRk9ZRjAKRlJDS0JOUk9JQkNlTTd4a3VVYmw1MlBuMDBlWjM4L1lWVThXeHFuU3o4L3FUUW1nMHpFc3pXcWpxMGM2RWtGYwp1RHlCTk8yK25uTGlhTlFNcHJuaXcrR09zVlU5N1VMbThPcUNJQWQ2bTFmc1R1U1JWSHJtZ0FYaFRXdXhqQmJICjV4Wi9xMlBEUFFoUHdqaG9QWlZMdmJVVAotLS0tLUVORCBDRVJUSUZJQ0FURS0tLS0tCg==",
          "client_key": "LS0tLS1CRUdJTiBSU0EgUFJJVkFURSBLRVktLS0tLQpNSUlKS0FJQkFBS0NBZ0VBN2psYVNvbmdaaEgwOGZPcEF4NlBqd2s5R1RTTGJuSi83Zk03T0NDdGYwc2JsMHBVCks4c3dZaEZHblRLOHlIbDRoTUtWajhHYnQ0YjJCU2E5OUtpSFBrUEd0cThCbU5USlAyV1VXMFI0dXhVcFlpNU0KMkFZcVA1ZzhucFRLWWlWT0tpZHVISkJrZE5LaSsxS3Y3M3FVTmJOSHp3bGY5VmJ3MFNObEh3MU1STXpWUEFaZgpvWHJHVjh5TFZtMklFVk5TZ09XWHRzY2REYWVtR1RCRVNxa0l1MzRSTnYzZ0MxOHgyWG8yb3d3amVET0p0a3BmCkJ2UHZXdThKb1RRaXVtY3J2ai9kNUl5OFQ3T1VIMTZSR1RRa1FrR01jV3NXbWlqeUFMMWtIYStraGtUSFdQbjgKL1Y2K1BkakVhcTVJM2dTTENielN3YUpoM0srVXR4dzVZV1RUR1Q4MjA2dzczbGcya3RQZFZGMXk1M2hUbW14SgpLbVhQS0U5NnROekJkQWVyUi9OcmZPc2RIeUluL2drMjJlNDF2T2svQ1BiUUtIYnhleXJSWkhEUzYzVzRXQW1TCkkvWlAweW9QUDIyaFdSbmRpSTNISTdWVVdwR2ZGRU9JZHVIVXREYU5JZXNuMXRJNFgrYVAxM0grUDVraVd0WW8KNjVnQklNd3BKQmNLRHRoWW4vVm5NL3prYzBiRmJyU3liSHM2Mlh6TTRVNU1CZHlJRlpWRm1RRFZQOXJWemxQdApZbGFpSUw3eFROcTduSE1MOGhOZTlZaXhBOUR0Mkg5ZmZadlkwT1VrSEhDM3ZmWTEzQlUrQ2I4Vzl2cHRWSHJKClhsM0d6c2VLSWR4UjRxVnBsdUlNU21QRGJDSDF4VUMxdXI1MmV4c0FkaEc1NDlobElLbExpRUFGWU9rQ0F3RUEKQVFLQ0FnQUsvaUl3cUFNWnJWWWR2TU45b3R2aUJhaElSazN4Zko3SVMvM2RhRmllaVVpT2ZINFNLcHFpeVM3MgpmYlcyRklZMHJodjVCR2liUSsyTXJhTW5Wb2d0eUlmZUVkNU9LZkl0YkQwTkp4cmhHeWdMNFVkbmZUQUJrT24vCk1WalRjRUJCU1dJc2pFSFpIWWZWZHIvVlJQL3cweGlMQm1Ealc5aUVvTHIvcWYxQ2ZDYzgwVmg1V3ZFckhRT3oKQUhQcEdoZGRDUHN0Wjlack5RNFdRYzFzNytHT0cvejV0TkVHci9wY3ZEc29NL0pidWhrWk55a0NhUFdRYWRFSwpjTWhIZDJUNUx2anpjbkVWY1J2SDJoL0huTW5ZTllQTEQxNG9JcC9rTVM1eVZqMWowQlJZMSttamhzc3dPYi82CmpPeWlNMjNOREdXM1RMY2RBcmNuUDBvQWpnYXE5VWowRHlaOFY4ZEsvMjZBVEkrbVVqRjNOL2RtYytIaWFCbVEKU1R0TzdkR1E4VVNraXIrSEFvWFltNkxyRHhqYVlhcThWK3FjNXVobEowTmg1WU9nMm8wQXRGTFd4K3hQNU5aMAppVE5DQXZiVFozdTk1UjlEaEYwdmQ1ZzdlREwvRmhiZjc0bFZEM0VTclFVYWo3WXM5SWx1TEFXTG40R2UvbHRsCjZNdkxsVW1za2ZUaU5RbEFCai94a3hXUlpqVTd0d0h3QmRKVWpKL1FjdUlLa1RMVXlGY09Yenc1STAwVTdFb3cKTEJqeFZqOHhHSzd0N3Z4Yk14VmwwRXRwM2lUV1drOEM2NCtEdjh6YnhjSElVa2NTMUZOZmhsYnFENk5vZHJRdQpTampZNU44S0NtRUQ4WXNwRWNtUEVPbUV0Q2R5cnNCMkN6V0hUNlUzaFNwL1QzMlR6d0tDQVFFQStnZ3JIbU9YCkwyMStUcE13Ymx5eEF2d1ExbTMzZm1LT1VOZnlNSHdFWHpQMDA4WDY3NzYxVXBzRmpFOEdlWG1qL3ppZUlKblEKWWVHeWN0My9IdzRFdFdhNGVEbWxZK0g3Z0ZQVUZidTA0SmhJVW5Vc25rUE9rRlRZV1pHNC9SV3JUNFhqTmlJWQpoRExtWHR4cjZ4blhreEpLZ2R4YWJUTmlSOWZDWmgvekxaM1NYNnBKWTA0WXBoNENjR1hYaDBESWJOLzJybmxyCnFycEd0L2Zvc2Ntb28wbHZUSVlPVGM0TFRGeDlKM2JiNy9PZjU3SkRtMFdjTGpxRlNMZUpKVXppL25tNVF0cjIKbWxCd3BjNG8xK0dpcmh0bmJiTlJWUFlqOElEdGF4SVg1aHRuRDd2VnVhOGtlWHE1bG1UWFBpNytnek4reXNObgpkeXpTbXU1RE5CRHlCd0tDQVFFQTgra0lIZU80ZUptcWhLQm9xbVYvcmxneG8yZU95SWF4S1lyZXhDMWhyZ29XCmtjNU1MbG51NUlPYkNNTDQxQXVyNVVLenpybHRsUHkwUDJzUXRIaDQ2anZDK3htUHRMRGZwbDk0YUtsUE53TkcKdVVUbGw4Y2ROcmRTV2Q3SHJUUWoxQlZ6UGFmRnFRMStGK2k2dStSa2FIT1ZBcVlFYW0xQmRkb0hYWjFCT3lNcApmYjVCeUpuRyt6dlU2L3RHaXQ3eFFWVzUrL2JOUGtKZDdEc3V0eUgvSjRqZVVlckNwTVFZQ2xMYll0NUNRS2ZECkVGZ1hGRFVyZnUxUjZkRFFUK0xJTFMxM0FudnM1MGViOGVUeDN1U2x2Y2N4NlVGcU95OXdxUzlhM2tURE1kOW0KVU5YUGt6TlBKM21pRFE0QkZoWFduZkNYMysrWll1a2RGTUVJak5pWmp3S0NBUUFvbXJqOTUyaC9BRVlaMXBkdgo1TWV1VjJjWW02VXN0aTZzZkZWTmdHWnBXNU92N0oveTNVS3ZGcFBSRkdoVncrWlpKVVd3djZueXEyZUNkZ0RmCmR6UldqVWI1NTBxdnJOeGVHNzcraEl3OFNSNjluVi9RbCt4c3pncVFpVFRFalFkVUU4Y3hYRm9rNWVzNWpveE0KRXRkS2dCYnZmZXlGZlduQmh3MS83a0pjcnh1aUE1S0ZlUUpSdjkvZmh2cDRjWkhhOUlnb0Qzbm5zUGFaRzc2RApXTjkxSFJEaEdZZ3JKSUg3TmEzeGdjRDM5OVdKR0E4WW9UWmEzNUFUbmhLOHB2N2FHc1IyVWY3b1VwWG9wMUZFCnRkVG9kM1RWZ09COWJyZXBjQmFlWThMVDBMRnRBYkVVeFplanpzVmk0aDkrYnIxUWEwVjFBa1RFT3RnODV1S3QKQ3U5ekFvSUJBUURBaGtaRDRZV3duQXErbVNkRXFNMDV2cCtmelpRa3NEeVMvK3lLaVErN0luZGlLNlp5UjhhTApWVjVBY2pXYW1vUGFlT1lZM01Da2d6dDdlM1U2SG9YQ3pkMC8rcE0yR3c3TjhqbkcweTJWek40OFN5ZTJ3QkpOCktESzJnV1MzVUpxZlF6Y3RpWW81d0U2eGJLQkl3eVNHVmdWZWk5Q2NlUlRjZzNhZzdBbWJOa3YvMXZkeDhmL2cKT3YvOExPRW5xSVpoL2RyS0NhdEQ0M3JqaG10L1hqUmE3bXdkMk9JKzBCSHh4Q2tyUnlpZ2hFc3lVWFlXRzBuego3RHRtQmM4SDM0Z0dNUWJwVFF4WUdtdjdhYTJKTkkybTJONktzWG02c2QySmpibDZER2pPcXZuR0FKN1NJQVB3CnNzKzQ0ajcxUWRPZjQxTGVEZS9TNVJKeFdWVDRaOWY5QW9JQkFIQUVsNk52dnZ5NHFZZzVMNzNmZy9XMWx5YWQKMTA5SWdPTHNXYmJrMzNubXpJV3BkSGF5Mjl0ZHVtSmoxUHBBNE1wTnEwcEZwazZydEc4RkxJZzFncnE4a2tVVwordXA2K09uTnJmTCtHUzFPc1g2bUdsbWh5NzE5SWRWOU1WNE1HZk1OZVdrcWMzcC9EWWNJZ21na1A3MHZ6aVhFCjZVSkdYNEFaYzNuTHN3N0ZMNTVDRThKUlMxU2IySmEzaEV5NVJnK21nekNjRTNVUzRxeHRoKytPOXZEak9ucGIKNHVQVmRyK3FVYzlPaVB6YnRSdk1acXBoZEtxR3o4UlV6dXJyYnZqSjYzOTluVjQzdlhKcmQrQWZDbnZpRUlheApkam5PbDFTOXg5aFd6cnp4UzJuTXoweFhVeGkxZ1RFQ3pTSEt0UWtVUVJBTGoycFZvUmdwUXhid1hCOD0KLS0tLS1FTkQgUlNBIFBSSVZBVEUgS0VZLS0tLS0K",
          "cluster_ca_certificate": "LS0tLS1CRUdJTiBDRVJUSUZJQ0FURS0tLS0tCk1JSUU2RENDQXRDZ0F3SUJBZ0lRWmtjTXVnVVZWdEtUOWFFbTdZWGxZREFOQmdrcWhraUc5dzBCQVFzRkFEQU4KTVFzd0NRWURWUVFERXdKallUQWdGdzB5TlRBM01qWXdPVE00TlRWYUdBOHlNRFUxTURjeU5qQTVORGcxTlZvdwpEVEVMTUFrR0ExVUVBeE1DWTJFd2dnSWlNQTBHQ1NxR1NJYjNEUUVCQVFVQUE0SUNEd0F3Z2dJS0FvSUNBUURECjNaZTkzSldRa1lmZDNtTUJlb3JlOEc4eUxsOFpLS0U4SCtQMGNKL1orTlBjSTFqOVJUcFdRMDVlRXFzT1FNTVMKQ2NoUWJ5c1NvM2dOQUdBSlgvVnZuRVZOSHdyTmJHZWM0K2s1N0hwSlJDWnpJWWRYY2pFUXo2aytud00wTG9CVApkN2RhVmgxa2NXWFVmTXFzVjVFUjZhdHlIL0dDMXpYRU11QmF0NWNUZ3MvRFMzQkdxSTlQZElTU1Zydmh6NGVICm03bXZkOHhlenRUaW41cFlUQjJES2VTNWNNL3p6cytncUhRcldxS1JSR1IyMVhoMnpCMzZFM3RqRjBRaG9pN0MKZEhRN0tTcmE0aU5qbFhDMmdPUlo1VStOV3ovcUxydXVlM0VHblA1VWRPd0JsQTZEbkV2dVpxUXRWRUc0WmtuZwpORk9GeG1YMG1DRmtYWFZhalZsSWhwZDF4c3YvRVl2UDJ5TTN5cTcxMlY5OGh1bUE4WlZpaHhFdE4wOXMwRVQwCkJnWTJ5K1NBSjdnN3prM0tTRzcyNDFrajZZRHUzbVk2ZjdnYWZXejdyVnNIVU1sU0gxWnIwZEtJUUZoMElkRnEKUmFJdkJub2M0UGZMaFdWODdtL3RiUUhuTWFsdlQ3U2NONWt2UmJ6c2xxTStkN0FHajJpOHdLa0Era0xTcjVjTgpabTJvSyt5SFlkRnZDTnhoemhldE45L0dTWWZFczU1MThmc1A3R2tIMXZZSnRaVGVYRTVnUzVTc0hQTzRrZWhPCjNHaG8yT1JYb29xVi9semMzVHBKQm1LRE14SEkwNVVLd2V6OHpVaktabmcyZnpSaW9HN2FnZ3dySCs4dWRhVzcKSDIvWWVqdWoyQ0x4Q0ZyWXBDZ3BGUWpkNjl1bkNSQkdEZGo4U0Nxakl3SURBUUFCbzBJd1FEQU9CZ05WSFE4QgpBZjhFQkFNQ0FxUXdEd1lEVlIwVEFRSC9CQVV3QXdFQi96QWRCZ05WSFE0RUZnUVUvRjdJSVhQdjBpaThyOEFOCmd5TS9JZjd4OExnd0RRWUpLb1pJaHZjTkFRRUxCUUFEZ2dJQkFLcGRnb0ZSSU50NVNZSThVajRrVktCYmhYUHEKRDBLMnQ0REtWKzlnN3VzSUVSZmE0NnRHUHprRWZ1dzhTcGxwcHcyUStDcy8vYzA1STBTZ1JWNWJvRkQvalorTQpZYWtXT1dCTFEyUUd0M1dCOVN1a2NLcnBmNXFOWGdOdzk2VDNDMVkxN1N3SVNlMml6WXpxWGdiN2F0UU5pUTNHClJCejNlcDRJcmRUTWFFcStEekQzR01TZ0FwRWo0RDlqNG55a0RIKys5L1ovVzJ2dVR1Szg1Ny9jcHRBWGRWM1gKZE8rWWxNSGx4V1BOeU9Zc2ZvRU9lOXFVQmV3RjNYT1JtRGxJVENVakM4TEFiaVFTYVM3elhvZmtxVmFpQTF1RwpiZmduNUcrbUg3R05sK2dNRWwyNUlGSXQxZGZVVjNLdXdDNkdXWTh3RkJTb0VZeTlTQVNPcnRzRFRPT0kyenVtCmtMWG1iVEZtMiswVWw3Tkw1MFYrQlFad1VjTWZTYmdmU3RpUjFGRTdhYW5NNWwvaTNTdityUm96RE5nYXl4MDkKeDdMM0JzajRDZFVrWThDN2FGV1J3M2NsWDdXZ3dWYTVWZEN2MGVxODlaZ2k0T3o3ZlcyeitueVFrdmh6aUZmcAo3c1MwbTdNY3RGZmVNQmxaL1NtOHlrVkFKalBGUlkvN2VTUkhEWkY5WDVmbnpZYmZWcUFZRWV6YnhSM1Via1MzCmZONWFmc3dlczFTRGJnaEh2L2xmVzh4NzdyRlJmRGxvaUszbXFMVlVLUUtsRUpZeVBodkpKcVovSEI5bGEwN3UKQ3ZwL0ZHWXREOXA0cnNaQjFkamxpWU9SM2VrOGIwL2RuYVVZTm1nYlYvQmRHWFRvck5xRXU3ZkVERmlGWjdMbApUVmMyUlZjSlVYV0orb1Q1Ci0tLS0tRU5EIENFUlRJRklDQVRFLS0tLS0K",
          "host": "https://aksdns-ao80lomj.hcp.eastus.azmk8s.io:443",
          "password": "cfvulcs5aak7c4f0eoesop4is0qof8ars16b3ruibsj5xka0oqy4hnr05lg14bxc3e6z6zmvsfhrx07frgal4on8by9jl4lhqk46ijae0bmhtuengs63r9vfl4f4o76s",
          "username": "clusterUser_tfm-brayanto_aks-cluster"
        }
      ],
      "type": [
        "list",
        [
          "object",
          {
            "client_certificate": "string",
            "client_key": "string",
            "cluster_ca_certificate": "string",
            "host": "string",
            "password": "string",
            "username": "string"
          }
        ]
      ],
      "sensitive": true
    }
  },
  "resources": [
    {
      "mode": "data",
      "type": "azurerm_client_config",
      "name": "current",
      "provider": "provider[\"registry.terraform.io/hashicorp/azurerm\"]",
      "instances": [
        {
          "schema_version": 0,
          "attributes": {
            "client_id": "04b07795-8ddb-461a-bbee-02f9e1bf7b46",
            "id": "Y2xpZW50Q29uZmlncy9jbGllbnRJZD0wNGIwNzc5NS04ZGRiLTQ2MWEtYmJlZS0wMmY5ZTFiZjdiNDY7b2JqZWN0SWQ9YmQ5YTFmYzktN2E1YS00MzY3LTkwNDItYWUxNjcwMDBlM2M4O3N1YnNjcmlwdGlvbklkPTVkNDNmZGZhLWZjYmEtNGZlMS04ZWUyLTJhNTAzYzMzODA2Mjt0ZW5hbnRJZD0yYjA3OWRjNy1lMmVhLTQ1YmMtOTE4Mi0wZmRlMTRiNTQ5YjE=",
            "object_id": "bd9a1fc9-7a5a-4367-9042-ae167000e3c8",
            "subscription_id": "5d43fdfa-fcba-4fe1-8ee2-2a503c338062",
            "tenant_id": "2b079dc7-e2ea-45bc-9182-0fde14b549b1",
            "timeouts": null
          },
          "sensitive_attributes": []
        }
      ]
    },
    {
      "mode": "managed",
      "type": "azurerm_application_gateway",
      "name": "app_gateway",
      "provider": "provider[\"registry.terraform.io/hashicorp/azurerm\"]",
      "instances": [
        {
          "schema_version": 0,
          "attributes": {
            "authentication_certificate": [],
            "autoscale_configuration": [],
            "backend_address_pool": [
              {
                "fqdns": [],
                "id": "/subscriptions/5d43fdfa-fcba-4fe1-8ee2-2a503c338062/resourceGroups/tfm-brayanto/providers/Microsoft.Network/applicationGateways/3a094e6cbaae6246-appgw/backendAddressPools/defaultaddresspool",
                "ip_addresses": [],
                "name": "defaultaddresspool"
              },
              {
                "fqdns": [],
                "id": "/subscriptions/5d43fdfa-fcba-4fe1-8ee2-2a503c338062/resourceGroups/tfm-brayanto/providers/Microsoft.Network/applicationGateways/3a094e6cbaae6246-appgw/backendAddressPools/pool-test-apps-nginx-demo-80-bp-8080",
                "ip_addresses": [
                  "10.52.0.15",
                  "10.52.0.34"
                ],
                "name": "pool-test-apps-nginx-demo-80-bp-8080"
              }
            ],
            "backend_http_settings": [
              {
                "affinity_cookie_name": "",
                "authentication_certificate": [],
                "connection_draining": [],
                "cookie_based_affinity": "Disabled",
                "host_name": "",
                "id": "/subscriptions/5d43fdfa-fcba-4fe1-8ee2-2a503c338062/resourceGroups/tfm-brayanto/providers/Microsoft.Network/applicationGateways/3a094e6cbaae6246-appgw/backendHttpSettingsCollection/bp-test-apps-nginx-demo-80-8080-test-app",
                "name": "bp-test-apps-nginx-demo-80-8080-test-app",
                "path": "",
                "pick_host_name_from_backend_address": false,
                "port": 8080,
                "probe_id": "/subscriptions/5d43fdfa-fcba-4fe1-8ee2-2a503c338062/resourceGroups/tfm-brayanto/providers/Microsoft.Network/applicationGateways/3a094e6cbaae6246-appgw/probes/pb-test-apps-nginx-demo-80-test-app",
                "probe_name": "pb-test-apps-nginx-demo-80-test-app",
                "protocol": "Http",
                "request_timeout": 30,
                "trusted_root_certificate_names": []
              },
              {
                "affinity_cookie_name": "",
                "authentication_certificate": [],
                "connection_draining": [],
                "cookie_based_affinity": "Disabled",
                "host_name": "",
                "id": "/subscriptions/5d43fdfa-fcba-4fe1-8ee2-2a503c338062/resourceGroups/tfm-brayanto/providers/Microsoft.Network/applicationGateways/3a094e6cbaae6246-appgw/backendHttpSettingsCollection/defaulthttpsetting",
                "name": "defaulthttpsetting",
                "path": "",
                "pick_host_name_from_backend_address": false,
                "port": 80,
                "probe_id": "/subscriptions/5d43fdfa-fcba-4fe1-8ee2-2a503c338062/resourceGroups/tfm-brayanto/providers/Microsoft.Network/applicationGateways/3a094e6cbaae6246-appgw/probes/defaultprobe-Http",
                "probe_name": "defaultprobe-Http",
                "protocol": "Http",
                "request_timeout": 30,
                "trusted_root_certificate_names": []
              }
            ],
            "custom_error_configuration": [],
            "enable_http2": false,
            "fips_enabled": false,
            "firewall_policy_id": "",
            "force_firewall_policy_association": false,
            "frontend_ip_configuration": [
              {
                "id": "/subscriptions/5d43fdfa-fcba-4fe1-8ee2-2a503c338062/resourceGroups/tfm-brayanto/providers/Microsoft.Network/applicationGateways/3a094e6cbaae6246-appgw/frontendIPConfigurations/appGwPublicFrontendIp",
                "name": "appGwPublicFrontendIp",
                "private_ip_address": "",
                "private_ip_address_allocation": "Dynamic",
                "private_link_configuration_id": "",
                "private_link_configuration_name": "",
                "public_ip_address_id": "/subscriptions/5d43fdfa-fcba-4fe1-8ee2-2a503c338062/resourceGroups/tfm-brayanto/providers/Microsoft.Network/publicIPAddresses/3a094e6cbaae6246-appgw-pip",
                "subnet_id": ""
              }
            ],
            "frontend_port": [
              {
                "id": "/subscriptions/5d43fdfa-fcba-4fe1-8ee2-2a503c338062/resourceGroups/tfm-brayanto/providers/Microsoft.Network/applicationGateways/3a094e6cbaae6246-appgw/frontendPorts/port_80",
                "name": "port_80",
                "port": 80
              }
            ],
            "gateway_ip_configuration": [
              {
                "id": "/subscriptions/5d43fdfa-fcba-4fe1-8ee2-2a503c338062/resourceGroups/tfm-brayanto/providers/Microsoft.Network/applicationGateways/3a094e6cbaae6246-appgw/gatewayIPConfigurations/appGatewayIpConfig",
                "name": "appGatewayIpConfig",
                "subnet_id": "/subscriptions/5d43fdfa-fcba-4fe1-8ee2-2a503c338062/resourceGroups/tfm-brayanto/providers/Microsoft.Network/virtualNetworks/3a094e6cbaae6246-vn/subnets/3a094e6cbaae6246-appgw-sn"
              }
            ],
            "global": [],
            "http_listener": [
              {
                "custom_error_configuration": [],
                "firewall_policy_id": "",
                "frontend_ip_configuration_id": "/subscriptions/5d43fdfa-fcba-4fe1-8ee2-2a503c338062/resourceGroups/tfm-brayanto/providers/Microsoft.Network/applicationGateways/3a094e6cbaae6246-appgw/frontendIPConfigurations/appGwPublicFrontendIp",
                "frontend_ip_configuration_name": "appGwPublicFrontendIp",
                "frontend_port_id": "/subscriptions/5d43fdfa-fcba-4fe1-8ee2-2a503c338062/resourceGroups/tfm-brayanto/providers/Microsoft.Network/applicationGateways/3a094e6cbaae6246-appgw/frontendPorts/port_80",
                "frontend_port_name": "port_80",
                "host_name": "",
                "host_names": [],
                "id": "/subscriptions/5d43fdfa-fcba-4fe1-8ee2-2a503c338062/resourceGroups/tfm-brayanto/providers/Microsoft.Network/applicationGateways/3a094e6cbaae6246-appgw/httpListeners/fl-452c578b4f742bd7a3927c3caf2b604e",
                "name": "fl-452c578b4f742bd7a3927c3caf2b604e",
                "protocol": "Http",
                "require_sni": false,
                "ssl_certificate_id": "",
                "ssl_certificate_name": "",
                "ssl_profile_id": "",
                "ssl_profile_name": ""
              }
            ],
            "id": "/subscriptions/5d43fdfa-fcba-4fe1-8ee2-2a503c338062/resourceGroups/tfm-brayanto/providers/Microsoft.Network/applicationGateways/3a094e6cbaae6246-appgw",
            "identity": [],
            "location": "eastus",
            "name": "3a094e6cbaae6246-appgw",
            "private_endpoint_connection": [],
            "private_link_configuration": [],
            "probe": [
              {
                "host": "localhost",
                "id": "/subscriptions/5d43fdfa-fcba-4fe1-8ee2-2a503c338062/resourceGroups/tfm-brayanto/providers/Microsoft.Network/applicationGateways/3a094e6cbaae6246-appgw/probes/defaultprobe-Http",
                "interval": 30,
                "match": [
                  {
                    "body": "",
                    "status_code": [
                      "200-399"
                    ]
                  }
                ],
                "minimum_servers": 0,
                "name": "defaultprobe-Http",
                "path": "/",
                "pick_host_name_from_backend_http_settings": false,
                "port": 0,
                "protocol": "Http",
                "timeout": 30,
                "unhealthy_threshold": 3
              },
              {
                "host": "localhost",
                "id": "/subscriptions/5d43fdfa-fcba-4fe1-8ee2-2a503c338062/resourceGroups/tfm-brayanto/providers/Microsoft.Network/applicationGateways/3a094e6cbaae6246-appgw/probes/pb-test-apps-nginx-demo-80-test-app",
                "interval": 30,
                "match": [
                  {
                    "body": "",
                    "status_code": [
                      "200-399"
                    ]
                  }
                ],
                "minimum_servers": 0,
                "name": "pb-test-apps-nginx-demo-80-test-app",
                "path": "/nginx/",
                "pick_host_name_from_backend_http_settings": false,
                "port": 0,
                "protocol": "Http",
                "timeout": 30,
                "unhealthy_threshold": 3
              }
            ],
            "redirect_configuration": [],
            "request_routing_rule": [
              {
                "backend_address_pool_id": "",
                "backend_address_pool_name": "",
                "backend_http_settings_id": "",
                "backend_http_settings_name": "",
                "http_listener_id": "/subscriptions/5d43fdfa-fcba-4fe1-8ee2-2a503c338062/resourceGroups/tfm-brayanto/providers/Microsoft.Network/applicationGateways/3a094e6cbaae6246-appgw/httpListeners/fl-452c578b4f742bd7a3927c3caf2b604e",
                "http_listener_name": "fl-452c578b4f742bd7a3927c3caf2b604e",
                "id": "/subscriptions/5d43fdfa-fcba-4fe1-8ee2-2a503c338062/resourceGroups/tfm-brayanto/providers/Microsoft.Network/applicationGateways/3a094e6cbaae6246-appgw/requestRoutingRules/rr-452c578b4f742bd7a3927c3caf2b604e",
                "name": "rr-452c578b4f742bd7a3927c3caf2b604e",
                "priority": 19500,
                "redirect_configuration_id": "",
                "redirect_configuration_name": "",
                "rewrite_rule_set_id": "",
                "rewrite_rule_set_name": "",
                "rule_type": "PathBasedRouting",
                "url_path_map_id": "/subscriptions/5d43fdfa-fcba-4fe1-8ee2-2a503c338062/resourceGroups/tfm-brayanto/providers/Microsoft.Network/applicationGateways/3a094e6cbaae6246-appgw/urlPathMaps/url-452c578b4f742bd7a3927c3caf2b604e",
                "url_path_map_name": "url-452c578b4f742bd7a3927c3caf2b604e"
              }
            ],
            "resource_group_name": "tfm-brayanto",
            "rewrite_rule_set": [],
            "sku": [
              {
                "capacity": 2,
                "name": "Standard_v2",
                "tier": "Standard_v2"
              }
            ],
            "ssl_certificate": [],
            "ssl_policy": [
              {
                "cipher_suites": [],
                "disabled_protocols": [],
                "min_protocol_version": "",
                "policy_name": "AppGwSslPolicy20220101",
                "policy_type": "Predefined"
              }
            ],
            "ssl_profile": [],
            "tags": {},
            "timeouts": null,
            "trusted_client_certificate": [],
            "trusted_root_certificate": [],
            "url_path_map": [
              {
                "default_backend_address_pool_id": "/subscriptions/5d43fdfa-fcba-4fe1-8ee2-2a503c338062/resourceGroups/tfm-brayanto/providers/Microsoft.Network/applicationGateways/3a094e6cbaae6246-appgw/backendAddressPools/defaultaddresspool",
                "default_backend_address_pool_name": "defaultaddresspool",
                "default_backend_http_settings_id": "/subscriptions/5d43fdfa-fcba-4fe1-8ee2-2a503c338062/resourceGroups/tfm-brayanto/providers/Microsoft.Network/applicationGateways/3a094e6cbaae6246-appgw/backendHttpSettingsCollection/defaulthttpsetting",
                "default_backend_http_settings_name": "defaulthttpsetting",
                "default_redirect_configuration_id": "",
                "default_redirect_configuration_name": "",
                "default_rewrite_rule_set_id": "",
                "default_rewrite_rule_set_name": "",
                "id": "/subscriptions/5d43fdfa-fcba-4fe1-8ee2-2a503c338062/resourceGroups/tfm-brayanto/providers/Microsoft.Network/applicationGateways/3a094e6cbaae6246-appgw/urlPathMaps/url-452c578b4f742bd7a3927c3caf2b604e",
                "name": "url-452c578b4f742bd7a3927c3caf2b604e",
                "path_rule": [
                  {
                    "backend_address_pool_id": "/subscriptions/5d43fdfa-fcba-4fe1-8ee2-2a503c338062/resourceGroups/tfm-brayanto/providers/Microsoft.Network/applicationGateways/3a094e6cbaae6246-appgw/backendAddressPools/pool-test-apps-nginx-demo-80-bp-8080",
                    "backend_address_pool_name": "pool-test-apps-nginx-demo-80-bp-8080",
                    "backend_http_settings_id": "/subscriptions/5d43fdfa-fcba-4fe1-8ee2-2a503c338062/resourceGroups/tfm-brayanto/providers/Microsoft.Network/applicationGateways/3a094e6cbaae6246-appgw/backendHttpSettingsCollection/bp-test-apps-nginx-demo-80-8080-test-app",
                    "backend_http_settings_name": "bp-test-apps-nginx-demo-80-8080-test-app",
                    "firewall_policy_id": "",
                    "id": "/subscriptions/5d43fdfa-fcba-4fe1-8ee2-2a503c338062/resourceGroups/tfm-brayanto/providers/Microsoft.Network/applicationGateways/3a094e6cbaae6246-appgw/urlPathMaps/url-452c578b4f742bd7a3927c3caf2b604e/pathRules/pr-test-apps-test-app-rule-0-path-0",
                    "name": "pr-test-apps-test-app-rule-0-path-0",
                    "paths": [
                      "/nginx/"
                    ],
                    "redirect_configuration_id": "",
                    "redirect_configuration_name": "",
                    "rewrite_rule_set_id": "",
                    "rewrite_rule_set_name": ""
                  }
                ]
              }
            ],
            "waf_configuration": [],
            "zones": []
          },
          "sensitive_attributes": [],
          "private": "eyJlMmJmYjczMC1lY2FhLTExZTYtOGY4OC0zNDM2M2JjN2M0YzAiOnsiY3JlYXRlIjo1NDAwMDAwMDAwMDAwLCJkZWxldGUiOjU0MDAwMDAwMDAwMDAsInJlYWQiOjMwMDAwMDAwMDAwMCwidXBkYXRlIjo1NDAwMDAwMDAwMDAwfX0=",
          "dependencies": [
            "azurerm_public_ip.app_gateway_pip",
            "azurerm_resource_group.rg",
            "azurerm_subnet.app_gateway_subnet",
            "random_id.prefix"
          ]
        }
      ]
    },
    {
      "mode": "managed",
      "type": "azurerm_public_ip",
      "name": "app_gateway_pip",
      "provider": "provider[\"registry.terraform.io/hashicorp/azurerm\"]",
      "instances": [
        {
          "schema_version": 0,
          "attributes": {
            "allocation_method": "Static",
            "ddos_protection_mode": "VirtualNetworkInherited",
            "ddos_protection_plan_id": null,
            "domain_name_label": "appgw-3a094e6cbaae6246",
            "domain_name_label_scope": "",
            "edge_zone": "",
            "fqdn": "appgw-3a094e6cbaae6246.eastus.cloudapp.azure.com",
            "id": "/subscriptions/5d43fdfa-fcba-4fe1-8ee2-2a503c338062/resourceGroups/tfm-brayanto/providers/Microsoft.Network/publicIPAddresses/3a094e6cbaae6246-appgw-pip",
            "idle_timeout_in_minutes": 4,
            "ip_address": "172.203.128.167",
            "ip_tags": {},
            "ip_version": "IPv4",
            "location": "eastus",
            "name": "3a094e6cbaae6246-appgw-pip",
            "public_ip_prefix_id": null,
            "resource_group_name": "tfm-brayanto",
            "reverse_fqdn": "",
            "sku": "Standard",
            "sku_tier": "Regional",
            "tags": {},
            "timeouts": null,
            "zones": []
          },
          "sensitive_attributes": [],
          "private": "eyJlMmJmYjczMC1lY2FhLTExZTYtOGY4OC0zNDM2M2JjN2M0YzAiOnsiY3JlYXRlIjoxODAwMDAwMDAwMDAwLCJkZWxldGUiOjE4MDAwMDAwMDAwMDAsInJlYWQiOjMwMDAwMDAwMDAwMCwidXBkYXRlIjoxODAwMDAwMDAwMDAwfX0=",
          "dependencies": [
            "azurerm_resource_group.rg",
            "random_id.prefix"
          ]
        }
      ]
    },
    {
      "mode": "managed",
      "type": "azurerm_resource_group",
      "name": "rg",
      "provider": "provider[\"registry.terraform.io/hashicorp/azurerm\"]",
      "instances": [
        {
          "schema_version": 0,
          "attributes": {
            "id": "/subscriptions/5d43fdfa-fcba-4fe1-8ee2-2a503c338062/resourceGroups/tfm-brayanto",
            "location": "eastus",
            "managed_by": "",
            "name": "tfm-brayanto",
            "tags": {},
            "timeouts": null
          },
          "sensitive_attributes": [],
          "private": "eyJlMmJmYjczMC1lY2FhLTExZTYtOGY4OC0zNDM2M2JjN2M0YzAiOnsiY3JlYXRlIjo1NDAwMDAwMDAwMDAwLCJkZWxldGUiOjU0MDAwMDAwMDAwMDAsInJlYWQiOjMwMDAwMDAwMDAwMCwidXBkYXRlIjo1NDAwMDAwMDAwMDAwfX0="
        }
      ]
    },
    {
      "mode": "managed",
      "type": "azurerm_subnet",
      "name": "aks_subnet",
      "provider": "provider[\"registry.terraform.io/hashicorp/azurerm\"]",
      "instances": [
        {
          "schema_version": 0,
          "attributes": {
            "address_prefixes": [
              "10.52.0.0/24"
            ],
            "default_outbound_access_enabled": true,
            "delegation": [],
            "id": "/subscriptions/5d43fdfa-fcba-4fe1-8ee2-2a503c338062/resourceGroups/tfm-brayanto/providers/Microsoft.Network/virtualNetworks/3a094e6cbaae6246-vn/subnets/3a094e6cbaae6246-sn",
            "name": "3a094e6cbaae6246-sn",
            "private_endpoint_network_policies": "Disabled",
            "private_link_service_network_policies_enabled": true,
            "resource_group_name": "tfm-brayanto",
            "service_endpoint_policy_ids": [],
            "service_endpoints": [],
            "timeouts": null,
            "virtual_network_name": "3a094e6cbaae6246-vn"
          },
          "sensitive_attributes": [],
          "private": "eyJlMmJmYjczMC1lY2FhLTExZTYtOGY4OC0zNDM2M2JjN2M0YzAiOnsiY3JlYXRlIjoxODAwMDAwMDAwMDAwLCJkZWxldGUiOjE4MDAwMDAwMDAwMDAsInJlYWQiOjMwMDAwMDAwMDAwMCwidXBkYXRlIjoxODAwMDAwMDAwMDAwfX0=",
          "dependencies": [
            "azurerm_resource_group.rg",
            "azurerm_virtual_network.aks_vnet",
            "random_id.prefix"
          ]
        }
      ]
    },
    {
      "mode": "managed",
      "type": "azurerm_subnet",
      "name": "app_gateway_subnet",
      "provider": "provider[\"registry.terraform.io/hashicorp/azurerm\"]",
      "instances": [
        {
          "schema_version": 0,
          "attributes": {
            "address_prefixes": [
              "10.52.1.0/24"
            ],
            "default_outbound_access_enabled": true,
            "delegation": [],
            "id": "/subscriptions/5d43fdfa-fcba-4fe1-8ee2-2a503c338062/resourceGroups/tfm-brayanto/providers/Microsoft.Network/virtualNetworks/3a094e6cbaae6246-vn/subnets/3a094e6cbaae6246-appgw-sn",
            "name": "3a094e6cbaae6246-appgw-sn",
            "private_endpoint_network_policies": "Disabled",
            "private_link_service_network_policies_enabled": true,
            "resource_group_name": "tfm-brayanto",
            "service_endpoint_policy_ids": [],
            "service_endpoints": [],
            "timeouts": null,
            "virtual_network_name": "3a094e6cbaae6246-vn"
          },
          "sensitive_attributes": [],
          "private": "eyJlMmJmYjczMC1lY2FhLTExZTYtOGY4OC0zNDM2M2JjN2M0YzAiOnsiY3JlYXRlIjoxODAwMDAwMDAwMDAwLCJkZWxldGUiOjE4MDAwMDAwMDAwMDAsInJlYWQiOjMwMDAwMDAwMDAwMCwidXBkYXRlIjoxODAwMDAwMDAwMDAwfX0=",
          "dependencies": [
            "azurerm_resource_group.rg",
            "azurerm_virtual_network.aks_vnet",
            "random_id.prefix"
          ]
        }
      ]
    },
    {
      "mode": "managed",
      "type": "azurerm_virtual_network",
      "name": "aks_vnet",
      "provider": "provider[\"registry.terraform.io/hashicorp/azurerm\"]",
      "instances": [
        {
          "schema_version": 0,
          "attributes": {
            "address_space": [
              "10.52.0.0/16"
            ],
            "bgp_community": "",
            "ddos_protection_plan": [],
            "dns_servers": [],
            "edge_zone": "",
            "encryption": [],
            "flow_timeout_in_minutes": 0,
            "guid": "47748bf6-cb83-4c3f-b333-7597a0f21759",
            "id": "/subscriptions/5d43fdfa-fcba-4fe1-8ee2-2a503c338062/resourceGroups/tfm-brayanto/providers/Microsoft.Network/virtualNetworks/3a094e6cbaae6246-vn",
            "ip_address_pool": [],
            "location": "eastus",
            "name": "3a094e6cbaae6246-vn",
            "private_endpoint_vnet_policies": "Disabled",
            "resource_group_name": "tfm-brayanto",
            "subnet": [
              {
                "address_prefixes": [
                  "10.52.0.0/24"
                ],
                "default_outbound_access_enabled": true,
                "delegation": [],
                "id": "/subscriptions/5d43fdfa-fcba-4fe1-8ee2-2a503c338062/resourceGroups/tfm-brayanto/providers/Microsoft.Network/virtualNetworks/3a094e6cbaae6246-vn/subnets/3a094e6cbaae6246-sn",
                "name": "3a094e6cbaae6246-sn",
                "private_endpoint_network_policies": "Disabled",
                "private_link_service_network_policies_enabled": true,
                "route_table_id": "",
                "security_group": "",
                "service_endpoint_policy_ids": [],
                "service_endpoints": []
              },
              {
                "address_prefixes": [
                  "10.52.1.0/24"
                ],
                "default_outbound_access_enabled": true,
                "delegation": [],
                "id": "/subscriptions/5d43fdfa-fcba-4fe1-8ee2-2a503c338062/resourceGroups/tfm-brayanto/providers/Microsoft.Network/virtualNetworks/3a094e6cbaae6246-vn/subnets/3a094e6cbaae6246-appgw-sn",
                "name": "3a094e6cbaae6246-appgw-sn",
                "private_endpoint_network_policies": "Disabled",
                "private_link_service_network_policies_enabled": true,
                "route_table_id": "",
                "security_group": "",
                "service_endpoint_policy_ids": [],
                "service_endpoints": []
              }
            ],
            "tags": {},
            "timeouts": null
          },
          "sensitive_attributes": [],
          "private": "eyJlMmJmYjczMC1lY2FhLTExZTYtOGY4OC0zNDM2M2JjN2M0YzAiOnsiY3JlYXRlIjoxODAwMDAwMDAwMDAwLCJkZWxldGUiOjE4MDAwMDAwMDAwMDAsInJlYWQiOjMwMDAwMDAwMDAwMCwidXBkYXRlIjoxODAwMDAwMDAwMDAwfX0=",
          "dependencies": [
            "azurerm_resource_group.rg",
            "random_id.prefix"
          ]
        }
      ]
    },
    {
      "mode": "managed",
      "type": "kubernetes_ingress_v1",
      "name": "test_ing",
      "provider": "provider[\"registry.terraform.io/hashicorp/kubernetes\"]",
      "instances": [
        {
          "schema_version": 0,
          "attributes": {
            "id": "test-apps/test-app",
            "metadata": [
              {
                "annotations": {
                  "kubernetes.io/ingress.class": "azure/application-gateway"
                },
                "generate_name": "",
                "generation": 2,
                "labels": {},
                "name": "test-app",
                "namespace": "test-apps",
                "resource_version": "45633",
                "uid": "bef185b6-8ae0-42a7-9aca-724422a3f66c"
              }
            ],
            "spec": [
              {
                "default_backend": [],
                "ingress_class_name": "",
                "rule": [
                  {
                    "host": "",
                    "http": [
                      {
                        "path": [
                          {
                            "backend": [
                              {
                                "resource": [],
                                "service": [
                                  {
                                    "name": "nginx-demo",
                                    "port": [
                                      {
                                        "name": "",
                                        "number": 80
                                      }
                                    ]
                                  }
                                ]
                              }
                            ],
                            "path": "/nginx/*",
                            "path_type": "Prefix"
                          }
                        ]
                      }
                    ]
                  }
                ],
                "tls": []
              }
            ],
            "status": [
              {
                "load_balancer": [
                  {
                    "ingress": [
                      {
                        "hostname": "",
                        "ip": "172.203.128.167"
                      }
                    ]
                  }
                ]
              }
            ],
            "timeouts": null,
            "wait_for_load_balancer": null
          },
          "sensitive_attributes": [],
          "private": "eyJlMmJmYjczMC1lY2FhLTExZTYtOGY4OC0zNDM2M2JjN2M0YzAiOnsiY3JlYXRlIjoxMjAwMDAwMDAwMDAwLCJkZWxldGUiOjEyMDAwMDAwMDAwMDB9fQ==",
          "dependencies": [
            "azurerm_application_gateway.app_gateway",
            "azurerm_public_ip.app_gateway_pip",
            "azurerm_resource_group.rg",
            "azurerm_subnet.aks_subnet",
            "azurerm_subnet.app_gateway_subnet",
            "module.aks.azurerm_kubernetes_cluster.this",
            "module.aks.azurerm_role_assignment.agic_app_gateway_contributor",
            "module.aks.azurerm_role_assignment.agic_network_contributor",
            "module.aks.azurerm_role_assignment.agic_resource_group_reader",
            "module.aks.data.azurerm_client_config.current",
            "random_id.prefix"
          ]
        }
      ]
    },
    {
      "mode": "managed",
      "type": "random_id",
      "name": "prefix",
      "provider": "provider[\"registry.terraform.io/hashicorp/random\"]",
      "instances": [
        {
          "schema_version": 0,
          "attributes": {
            "b64_std": "OglObLquYkY=",
            "b64_url": "OglObLquYkY",
            "byte_length": 8,
            "dec": "4181959957885641286",
            "hex": "3a094e6cbaae6246",
            "id": "OglObLquYkY",
            "keepers": null,
            "prefix": null
          },
          "sensitive_attributes": []
        }
      ]
    },
    {
      "mode": "managed",
      "type": "time_sleep",
      "name": "wait_for_test_ingress",
      "provider": "provider[\"registry.terraform.io/hashicorp/time\"]",
      "instances": [
        {
          "schema_version": 0,
          "attributes": {
            "create_duration": "2m",
            "destroy_duration": null,
            "id": "2025-07-26T12:22:48Z",
            "triggers": null
          },
          "sensitive_attributes": [],
          "dependencies": [
            "azurerm_application_gateway.app_gateway",
            "azurerm_public_ip.app_gateway_pip",
            "azurerm_resource_group.rg",
            "azurerm_subnet.aks_subnet",
            "azurerm_subnet.app_gateway_subnet",
            "azurerm_virtual_network.aks_vnet",
            "kubernetes_ingress_v1.test_ing",
            "module.aks.azurerm_kubernetes_cluster.this",
            "module.aks.azurerm_role_assignment.agic_app_gateway_contributor",
            "module.aks.azurerm_role_assignment.agic_network_contributor",
            "module.aks.azurerm_role_assignment.agic_resource_group_reader",
            "module.aks.data.azurerm_client_config.current",
            "random_id.prefix"
          ]
        }
      ]
    },
    {
      "module": "module.airflow",
      "mode": "managed",
      "type": "helm_release",
      "name": "airflow",
      "provider": "provider[\"registry.terraform.io/hashicorp/helm\"]",
      "instances": [
        {
          "schema_version": 2,
          "attributes": {
            "atomic": false,
            "chart": "airflow",
            "cleanup_on_fail": false,
            "create_namespace": false,
            "dependency_update": false,
            "description": null,
            "devel": null,
            "disable_crd_hooks": false,
            "disable_openapi_validation": false,
            "disable_webhooks": false,
            "force_update": false,
            "id": "airflow",
            "keyring": null,
            "lint": false,
            "manifest": null,
            "max_history": 0,
            "metadata": {
              "app_version": "3.0.2",
              "chart": "airflow",
              "first_deployed": 1753532059,
              "last_deployed": 1753532059,
              "name": "airflow",
              "namespace": "airflow",
              "notes": "\n\n\nThank you for installing Apache Airflow 3.0.2!\n\nYour release is named airflow.\nYou can now access your dashboard(s) by executing the following command(s) and visiting the corresponding port at localhost in your browser:\nAirflow API Server:     kubectl port-forward svc/airflow-api-server 8080:8080 --namespace airflow\nDefault Webserver (Airflow UI) Login credentials:\n    username: admin\n    password: admin\nDefault Postgres connection credentials:\n    username: postgres\n    password: postgres\n    port: 5432\n\nYou can get Fernet Key value by running the following:\n\n    echo Fernet Key: $(kubectl get secret --namespace airflow airflow-fernet-key -o jsonpath=\"{.data.fernet-key}\" | base64 --decode)\n\n###########################################################\n#  WARNING: You should set a static webserver secret key  #\n###########################################################\n\nYou are using a dynamically generated webserver secret key, which can lead to\nunnecessary restarts of your Airflow components.\n\nInformation on how to set a static webserver secret key can be found here:\nhttps://airflow.apache.org/docs/helm-chart/stable/production-guide.html#webserver-secret-key\n\nCHART NAME: postgresql\nCHART VERSION: 13.2.24\nAPP VERSION: 16.1.0\n\n** Please be patient while the chart is being deployed **\n\nPostgreSQL can be accessed via port 5432 on the following DNS names from within your cluster:\n\n    airflow-postgresql.airflow.svc.cluster.local - Read/Write connection\n\nTo get the password for \"postgres\" run:\n\n    export POSTGRES_ADMIN_PASSWORD=$(kubectl get secret --namespace airflow airflow-postgresql -o jsonpath=\"{.data.postgres-password}\" | base64 -d)\n\nTo get the password for \"airflow\" run:\n\n    export POSTGRES_PASSWORD=$(kubectl get secret --namespace airflow airflow-postgresql -o jsonpath=\"{.data.password}\" | base64 -d)\n\nTo connect to your database run the following command:\n\n    kubectl run airflow-postgresql-client --rm --tty -i --restart='Never' --namespace airflow --image docker.io/bitnami/postgresql:16.1.0-debian-11-r15 --env=\"PGPASSWORD=$POSTGRES_PASSWORD\" \\\n      --command -- psql --host airflow-postgresql -U airflow -d airflow -p 5432\n\n    \u003e NOTE: If you access the container using bash, make sure that you execute \"/opt/bitnami/scripts/postgresql/entrypoint.sh /bin/bash\" in order to avoid the error \"psql: local user with ID 1001} does not exist\"\n\nTo connect to your database from outside the cluster execute the following commands:\n\n    kubectl port-forward --namespace airflow svc/airflow-postgresql 5432:5432 \u0026\n    PGPASSWORD=\"$POSTGRES_PASSWORD\" psql --host 127.0.0.1 -U airflow -d airflow -p 5432\n\nWARNING: The configured password will be ignored on new installation in case when previous PostgreSQL release was deleted through the helm command. In that case, old PVC will have an old password, and setting it through helm won't take effect. Deleting persistent volumes (PVs) will solve the issue.\n",
              "revision": 1,
              "values": "{\"apiServer\":{\"defaultUser\":{\"email\":\"admin@example.com\",\"enabled\":true,\"password\":\"admin\",\"username\":\"admin\"}},\"createUserJob\":{\"applyCustomEnv\":false,\"useHelmHooks\":false},\"dags\":{\"persistence\":{\"enabled\":true,\"existingClaim\":\"airflow-dags\"}},\"executor\":\"LocalExecutor\",\"extraInitContainers\":[{\"args\":[\"-c\",\"pip install --no-cache-dir ipython fastembed weaviate-client --constraint https://raw.githubusercontent.com/apache/airflow/constraints-3.0.2/constraints-3.9.txt\"],\"command\":[\"/bin/bash\"],\"image\":\"apache/airflow\",\"name\":\"install-requirements\",\"volumeMounts\":[{\"mountPath\":\"/opt/airflow\",\"name\":\"airflow-home\"}]}],\"flower\":{\"enabled\":false},\"images\":{\"airflow\":{\"pullPolicy\":\"IfNotPresent\",\"repository\":\"apache/airflow\"}},\"ingress\":{\"enabled\":false,\"web\":{\"annotations\":{\"kubernetes.io/ingress.class\":\"azure/application-gateway\"},\"enabled\":false,\"ingressClassName\":\"azure-application-gateway\",\"path\":\"/airflow\",\"pathType\":\"Prefix\"}},\"logs\":{\"persistence\":{\"enabled\":true,\"existingClaim\":\"airflow-logs\"}},\"migrateDatabaseJob\":{\"applyCustomEnv\":false,\"useHelmHooks\":false},\"plugins\":{\"persistence\":{\"enabled\":true,\"existingClaim\":\"airflow-plugins\"}},\"postgresql\":{\"auth\":{\"database\":\"airflow\",\"password\":\"airflow\",\"username\":\"airflow\"},\"enabled\":true,\"persistence\":{\"accessModes\":[\"ReadWriteOnce\"],\"enabled\":true,\"size\":\"8Gi\",\"storageClass\":\"postgresql-storage\"}},\"redis\":{\"enabled\":false},\"resources\":{\"limits\":{\"cpu\":\"1000m\",\"memory\":\"2Gi\"},\"requests\":{\"cpu\":\"500m\",\"memory\":\"1Gi\"}}}",
              "version": "1.18.0"
            },
            "name": "airflow",
            "namespace": "airflow",
            "pass_credentials": false,
            "postrender": null,
            "recreate_pods": false,
            "render_subchart_notes": true,
            "replace": false,
            "repository": "https://airflow.apache.org",
            "repository_ca_file": null,
            "repository_cert_file": null,
            "repository_key_file": null,
            "repository_password": null,
            "repository_username": null,
            "reset_values": false,
            "reuse_values": false,
            "set": null,
            "set_list": null,
            "set_sensitive": null,
            "set_wo": null,
            "set_wo_revision": null,
            "skip_crds": false,
            "status": "deployed",
            "timeout": 300,
            "values": [
              "\"apiServer\":\n  \"defaultUser\":\n    \"email\": \"admin@example.com\"\n    \"enabled\": true\n    \"password\": \"admin\"\n    \"username\": \"admin\"\n\"createUserJob\":\n  \"applyCustomEnv\": false\n  \"useHelmHooks\": false\n\"dags\":\n  \"persistence\":\n    \"enabled\": true\n    \"existingClaim\": \"airflow-dags\"\n\"executor\": \"LocalExecutor\"\n\"extraInitContainers\":\n- \"args\":\n  - \"-c\"\n  - \"pip install --no-cache-dir ipython fastembed weaviate-client --constraint https://raw.githubusercontent.com/apache/airflow/constraints-3.0.2/constraints-3.9.txt\"\n  \"command\":\n  - \"/bin/bash\"\n  \"image\": \"apache/airflow\"\n  \"name\": \"install-requirements\"\n  \"volumeMounts\":\n  - \"mountPath\": \"/opt/airflow\"\n    \"name\": \"airflow-home\"\n\"flower\":\n  \"enabled\": false\n\"images\":\n  \"airflow\":\n    \"pullPolicy\": \"IfNotPresent\"\n    \"repository\": \"apache/airflow\"\n\"ingress\":\n  \"enabled\": false\n  \"web\":\n    \"annotations\":\n      \"kubernetes.io/ingress.class\": \"azure/application-gateway\"\n    \"enabled\": false\n    \"ingressClassName\": \"azure-application-gateway\"\n    \"path\": \"/airflow\"\n    \"pathType\": \"Prefix\"\n\"logs\":\n  \"persistence\":\n    \"enabled\": true\n    \"existingClaim\": \"airflow-logs\"\n\"migrateDatabaseJob\":\n  \"applyCustomEnv\": false\n  \"useHelmHooks\": false\n\"plugins\":\n  \"persistence\":\n    \"enabled\": true\n    \"existingClaim\": \"airflow-plugins\"\n\"postgresql\":\n  \"auth\":\n    \"database\": \"airflow\"\n    \"password\": \"airflow\"\n    \"username\": \"airflow\"\n  \"enabled\": true\n  \"persistence\":\n    \"accessModes\":\n    - \"ReadWriteOnce\"\n    \"enabled\": true\n    \"size\": \"8Gi\"\n    \"storageClass\": \"postgresql-storage\"\n\"redis\":\n  \"enabled\": false\n\"resources\":\n  \"limits\":\n    \"cpu\": \"1000m\"\n    \"memory\": \"2Gi\"\n  \"requests\":\n    \"cpu\": \"500m\"\n    \"memory\": \"1Gi\"\n"
            ],
            "verify": false,
            "version": "1.18.0",
            "wait": true,
            "wait_for_jobs": false
          },
          "sensitive_attributes": [],
          "dependencies": [
            "azurerm_application_gateway.app_gateway",
            "azurerm_public_ip.app_gateway_pip",
            "azurerm_resource_group.rg",
            "azurerm_subnet.aks_subnet",
            "azurerm_subnet.app_gateway_subnet",
            "azurerm_virtual_network.aks_vnet",
            "module.airflow.kubernetes_namespace.airflow",
            "module.airflow.kubernetes_persistent_volume_claim.dags",
            "module.airflow.kubernetes_persistent_volume_claim.logs",
            "module.airflow.kubernetes_persistent_volume_claim.plugins",
            "module.airflow.kubernetes_storage_class.airflow",
            "module.airflow.kubernetes_storage_class.postgresql",
            "module.aks.azurerm_kubernetes_cluster.this",
            "module.aks.azurerm_role_assignment.agic_app_gateway_contributor",
            "module.aks.azurerm_role_assignment.agic_network_contributor",
            "module.aks.azurerm_role_assignment.agic_resource_group_reader",
            "module.aks.data.azurerm_client_config.current",
            "random_id.prefix"
          ]
        }
      ]
    },
    {
      "module": "module.airflow",
      "mode": "managed",
      "type": "kubernetes_namespace",
      "name": "airflow",
      "provider": "provider[\"registry.terraform.io/hashicorp/kubernetes\"]",
      "instances": [
        {
          "schema_version": 0,
          "attributes": {
            "id": "airflow",
            "metadata": [
              {
                "annotations": {},
                "generate_name": "",
                "generation": 0,
                "labels": {},
                "name": "airflow",
                "resource_version": "40511",
                "uid": "f4faf34c-896d-45db-a59a-46b73bfd901b"
              }
            ],
            "timeouts": null,
            "wait_for_default_service_account": false
          },
          "sensitive_attributes": [],
          "private": "eyJlMmJmYjczMC1lY2FhLTExZTYtOGY4OC0zNDM2M2JjN2M0YzAiOnsiZGVsZXRlIjozMDAwMDAwMDAwMDB9fQ==",
          "dependencies": [
            "azurerm_application_gateway.app_gateway",
            "azurerm_public_ip.app_gateway_pip",
            "azurerm_resource_group.rg",
            "azurerm_subnet.aks_subnet",
            "azurerm_subnet.app_gateway_subnet",
            "azurerm_virtual_network.aks_vnet",
            "module.aks.azurerm_kubernetes_cluster.this",
            "module.aks.azurerm_role_assignment.agic_app_gateway_contributor",
            "module.aks.azurerm_role_assignment.agic_network_contributor",
            "module.aks.azurerm_role_assignment.agic_resource_group_reader",
            "module.aks.data.azurerm_client_config.current",
            "random_id.prefix"
          ]
        }
      ]
    },
    {
      "module": "module.airflow",
      "mode": "managed",
      "type": "kubernetes_persistent_volume_claim",
      "name": "dags",
      "provider": "provider[\"registry.terraform.io/hashicorp/kubernetes\"]",
      "instances": [
        {
          "schema_version": 0,
          "attributes": {
            "id": "airflow/airflow-dags",
            "metadata": [
              {
                "annotations": {},
                "generate_name": "",
                "generation": 0,
                "labels": {},
                "name": "airflow-dags",
                "namespace": "airflow",
                "resource_version": "40540",
                "uid": "e7b6fc65-4d25-44a0-876c-98c24a7f53bf"
              }
            ],
            "spec": [
              {
                "access_modes": [
                  "ReadWriteMany"
                ],
                "resources": [
                  {
                    "limits": {},
                    "requests": {
                      "storage": "2Gi"
                    }
                  }
                ],
                "selector": [],
                "storage_class_name": "airflow-storage",
                "volume_mode": "Filesystem",
                "volume_name": "pvc-e7b6fc65-4d25-44a0-876c-98c24a7f53bf"
              }
            ],
            "timeouts": null,
            "wait_until_bound": true
          },
          "sensitive_attributes": [],
          "private": "eyJlMmJmYjczMC1lY2FhLTExZTYtOGY4OC0zNDM2M2JjN2M0YzAiOnsiY3JlYXRlIjozMDAwMDAwMDAwMDB9fQ==",
          "dependencies": [
            "azurerm_application_gateway.app_gateway",
            "azurerm_public_ip.app_gateway_pip",
            "azurerm_resource_group.rg",
            "azurerm_subnet.aks_subnet",
            "azurerm_subnet.app_gateway_subnet",
            "azurerm_virtual_network.aks_vnet",
            "module.airflow.kubernetes_namespace.airflow",
            "module.airflow.kubernetes_storage_class.airflow",
            "module.aks.azurerm_kubernetes_cluster.this",
            "module.aks.azurerm_role_assignment.agic_app_gateway_contributor",
            "module.aks.azurerm_role_assignment.agic_network_contributor",
            "module.aks.azurerm_role_assignment.agic_resource_group_reader",
            "module.aks.data.azurerm_client_config.current",
            "random_id.prefix"
          ]
        }
      ]
    },
    {
      "module": "module.airflow",
      "mode": "managed",
      "type": "kubernetes_persistent_volume_claim",
      "name": "logs",
      "provider": "provider[\"registry.terraform.io/hashicorp/kubernetes\"]",
      "instances": [
        {
          "schema_version": 0,
          "attributes": {
            "id": "airflow/airflow-logs",
            "metadata": [
              {
                "annotations": {},
                "generate_name": "",
                "generation": 0,
                "labels": {},
                "name": "airflow-logs",
                "namespace": "airflow",
                "resource_version": "40556",
                "uid": "fefa8fd8-cae5-44fd-9e87-f02309e64777"
              }
            ],
            "spec": [
              {
                "access_modes": [
                  "ReadWriteMany"
                ],
                "resources": [
                  {
                    "limits": {},
                    "requests": {
                      "storage": "5Gi"
                    }
                  }
                ],
                "selector": [],
                "storage_class_name": "airflow-storage",
                "volume_mode": "Filesystem",
                "volume_name": "pvc-fefa8fd8-cae5-44fd-9e87-f02309e64777"
              }
            ],
            "timeouts": null,
            "wait_until_bound": true
          },
          "sensitive_attributes": [],
          "private": "eyJlMmJmYjczMC1lY2FhLTExZTYtOGY4OC0zNDM2M2JjN2M0YzAiOnsiY3JlYXRlIjozMDAwMDAwMDAwMDB9fQ==",
          "dependencies": [
            "azurerm_application_gateway.app_gateway",
            "azurerm_public_ip.app_gateway_pip",
            "azurerm_resource_group.rg",
            "azurerm_subnet.aks_subnet",
            "azurerm_subnet.app_gateway_subnet",
            "azurerm_virtual_network.aks_vnet",
            "module.airflow.kubernetes_namespace.airflow",
            "module.airflow.kubernetes_storage_class.airflow",
            "module.aks.azurerm_kubernetes_cluster.this",
            "module.aks.azurerm_role_assignment.agic_app_gateway_contributor",
            "module.aks.azurerm_role_assignment.agic_network_contributor",
            "module.aks.azurerm_role_assignment.agic_resource_group_reader",
            "module.aks.data.azurerm_client_config.current",
            "random_id.prefix"
          ]
        }
      ]
    },
    {
      "module": "module.airflow",
      "mode": "managed",
      "type": "kubernetes_persistent_volume_claim",
      "name": "plugins",
      "provider": "provider[\"registry.terraform.io/hashicorp/kubernetes\"]",
      "instances": [
        {
          "schema_version": 0,
          "attributes": {
            "id": "airflow/airflow-plugins",
            "metadata": [
              {
                "annotations": {},
                "generate_name": "",
                "generation": 0,
                "labels": {},
                "name": "airflow-plugins",
                "namespace": "airflow",
                "resource_version": "40549",
                "uid": "b976f54f-d9ec-40e9-ba15-7c594e4a0655"
              }
            ],
            "spec": [
              {
                "access_modes": [
                  "ReadWriteMany"
                ],
                "resources": [
                  {
                    "limits": {},
                    "requests": {
                      "storage": "1Gi"
                    }
                  }
                ],
                "selector": [],
                "storage_class_name": "airflow-storage",
                "volume_mode": "Filesystem",
                "volume_name": "pvc-b976f54f-d9ec-40e9-ba15-7c594e4a0655"
              }
            ],
            "timeouts": null,
            "wait_until_bound": true
          },
          "sensitive_attributes": [],
          "private": "eyJlMmJmYjczMC1lY2FhLTExZTYtOGY4OC0zNDM2M2JjN2M0YzAiOnsiY3JlYXRlIjozMDAwMDAwMDAwMDB9fQ==",
          "dependencies": [
            "azurerm_application_gateway.app_gateway",
            "azurerm_public_ip.app_gateway_pip",
            "azurerm_resource_group.rg",
            "azurerm_subnet.aks_subnet",
            "azurerm_subnet.app_gateway_subnet",
            "azurerm_virtual_network.aks_vnet",
            "module.airflow.kubernetes_namespace.airflow",
            "module.airflow.kubernetes_storage_class.airflow",
            "module.aks.azurerm_kubernetes_cluster.this",
            "module.aks.azurerm_role_assignment.agic_app_gateway_contributor",
            "module.aks.azurerm_role_assignment.agic_network_contributor",
            "module.aks.azurerm_role_assignment.agic_resource_group_reader",
            "module.aks.data.azurerm_client_config.current",
            "random_id.prefix"
          ]
        }
      ]
    },
    {
      "module": "module.airflow",
      "mode": "managed",
      "type": "kubernetes_storage_class",
      "name": "airflow",
      "provider": "provider[\"registry.terraform.io/hashicorp/kubernetes\"]",
      "instances": [
        {
          "schema_version": 0,
          "attributes": {
            "allow_volume_expansion": true,
            "allowed_topologies": [],
            "id": "airflow-storage",
            "metadata": [
              {
                "annotations": {},
                "generate_name": "",
                "generation": 0,
                "labels": {},
                "name": "airflow-storage",
                "resource_version": "1844",
                "uid": "e9e38e36-84db-4690-9b0e-1fc0657a653c"
              }
            ],
            "mount_options": [],
            "parameters": {
              "skuName": "Standard_LRS"
            },
            "reclaim_policy": "Retain",
            "storage_provisioner": "file.csi.azure.com",
            "volume_binding_mode": "Immediate"
          },
          "sensitive_attributes": [],
          "private": "bnVsbA==",
          "dependencies": [
            "azurerm_application_gateway.app_gateway",
            "azurerm_public_ip.app_gateway_pip",
            "azurerm_resource_group.rg",
            "azurerm_subnet.aks_subnet",
            "azurerm_subnet.app_gateway_subnet",
            "azurerm_virtual_network.aks_vnet",
            "module.aks.azurerm_kubernetes_cluster.this",
            "module.aks.azurerm_role_assignment.agic_app_gateway_contributor",
            "module.aks.azurerm_role_assignment.agic_network_contributor",
            "module.aks.azurerm_role_assignment.agic_resource_group_reader",
            "module.aks.data.azurerm_client_config.current",
            "random_id.prefix"
          ]
        }
      ]
    },
    {
      "module": "module.airflow",
      "mode": "managed",
      "type": "kubernetes_storage_class",
      "name": "postgresql",
      "provider": "provider[\"registry.terraform.io/hashicorp/kubernetes\"]",
      "instances": [
        {
          "schema_version": 0,
          "attributes": {
            "allow_volume_expansion": true,
            "allowed_topologies": [],
            "id": "postgresql-storage",
            "metadata": [
              {
                "annotations": {},
                "generate_name": "",
                "generation": 0,
                "labels": {},
                "name": "postgresql-storage",
                "resource_version": "1845",
                "uid": "036ac99b-ac8d-407e-bdc2-b4b8549df6bd"
              }
            ],
            "mount_options": [],
            "parameters": {
              "skuName": "Standard_LRS"
            },
            "reclaim_policy": "Retain",
            "storage_provisioner": "disk.csi.azure.com",
            "volume_binding_mode": "Immediate"
          },
          "sensitive_attributes": [],
          "private": "bnVsbA==",
          "dependencies": [
            "azurerm_application_gateway.app_gateway",
            "azurerm_public_ip.app_gateway_pip",
            "azurerm_resource_group.rg",
            "azurerm_subnet.aks_subnet",
            "azurerm_subnet.app_gateway_subnet",
            "azurerm_virtual_network.aks_vnet",
            "module.aks.azurerm_kubernetes_cluster.this",
            "module.aks.azurerm_role_assignment.agic_app_gateway_contributor",
            "module.aks.azurerm_role_assignment.agic_network_contributor",
            "module.aks.azurerm_role_assignment.agic_resource_group_reader",
            "module.aks.data.azurerm_client_config.current",
            "random_id.prefix"
          ]
        }
      ]
    },
    {
      "module": "module.aks",
      "mode": "data",
      "type": "azurerm_client_config",
      "name": "current",
      "provider": "provider[\"registry.terraform.io/hashicorp/azurerm\"]",
      "instances": [
        {
          "schema_version": 0,
          "attributes": {
            "client_id": "04b07795-8ddb-461a-bbee-02f9e1bf7b46",
            "id": "Y2xpZW50Q29uZmlncy9jbGllbnRJZD0wNGIwNzc5NS04ZGRiLTQ2MWEtYmJlZS0wMmY5ZTFiZjdiNDY7b2JqZWN0SWQ9YmQ5YTFmYzktN2E1YS00MzY3LTkwNDItYWUxNjcwMDBlM2M4O3N1YnNjcmlwdGlvbklkPTVkNDNmZGZhLWZjYmEtNGZlMS04ZWUyLTJhNTAzYzMzODA2Mjt0ZW5hbnRJZD0yYjA3OWRjNy1lMmVhLTQ1YmMtOTE4Mi0wZmRlMTRiNTQ5YjE=",
            "object_id": "bd9a1fc9-7a5a-4367-9042-ae167000e3c8",
            "subscription_id": "5d43fdfa-fcba-4fe1-8ee2-2a503c338062",
            "tenant_id": "2b079dc7-e2ea-45bc-9182-0fde14b549b1",
            "timeouts": null
          },
          "sensitive_attributes": []
        }
      ]
    },
    {
      "module": "module.aks",
      "mode": "managed",
      "type": "azurerm_kubernetes_cluster",
      "name": "this",
      "provider": "provider[\"registry.terraform.io/hashicorp/azurerm\"]",
      "instances": [
        {
          "schema_version": 2,
          "attributes": {
            "aci_connector_linux": [],
            "api_server_access_profile": [],
            "auto_scaler_profile": [],
            "automatic_upgrade_channel": "",
            "azure_active_directory_role_based_access_control": [],
            "azure_policy_enabled": false,
            "confidential_computing": [],
            "cost_analysis_enabled": false,
            "current_kubernetes_version": "1.32.5",
            "custom_ca_trust_certificates_base64": [],
            "default_node_pool": [
              {
                "auto_scaling_enabled": false,
                "capacity_reservation_group_id": "",
                "fips_enabled": false,
                "gpu_instance": "",
                "host_encryption_enabled": false,
                "host_group_id": "",
                "kubelet_config": [],
                "kubelet_disk_type": "OS",
                "linux_os_config": [],
                "max_count": 0,
                "max_pods": 30,
                "min_count": 0,
                "name": "default",
                "node_count": 2,
                "node_labels": {},
                "node_network_profile": [],
                "node_public_ip_enabled": false,
                "node_public_ip_prefix_id": "",
                "only_critical_addons_enabled": false,
                "orchestrator_version": "1.32",
                "os_disk_size_gb": 30,
                "os_disk_type": "Managed",
                "os_sku": "Ubuntu",
                "pod_subnet_id": "",
                "proximity_placement_group_id": "",
                "scale_down_mode": "Delete",
                "snapshot_id": "",
                "tags": {},
                "temporary_name_for_rotation": "",
                "type": "VirtualMachineScaleSets",
                "ultra_ssd_enabled": false,
                "upgrade_settings": [
                  {
                    "drain_timeout_in_minutes": 0,
                    "max_surge": "10%",
                    "node_soak_duration_in_minutes": 0
                  }
                ],
                "vm_size": "Standard_B2s",
                "vnet_subnet_id": "/subscriptions/5d43fdfa-fcba-4fe1-8ee2-2a503c338062/resourceGroups/tfm-brayanto/providers/Microsoft.Network/virtualNetworks/3a094e6cbaae6246-vn/subnets/3a094e6cbaae6246-sn",
                "workload_runtime": "",
                "zones": []
              }
            ],
            "disk_encryption_set_id": "",
            "dns_prefix": "aksdns",
            "dns_prefix_private_cluster": "",
            "edge_zone": "",
            "fqdn": "aksdns-ao80lomj.hcp.eastus.azmk8s.io",
            "http_application_routing_enabled": false,
            "http_application_routing_zone_name": "",
            "http_proxy_config": [],
            "id": "/subscriptions/5d43fdfa-fcba-4fe1-8ee2-2a503c338062/resourceGroups/tfm-brayanto/providers/Microsoft.ContainerService/managedClusters/aks-cluster",
            "identity": [
              {
                "identity_ids": [],
                "principal_id": "bbb11e2c-af6d-4334-8baa-222cc22c2b67",
                "tenant_id": "2b079dc7-e2ea-45bc-9182-0fde14b549b1",
                "type": "SystemAssigned"
              }
            ],
            "image_cleaner_enabled": null,
            "image_cleaner_interval_hours": null,
            "ingress_application_gateway": [
              {
                "effective_gateway_id": "/subscriptions/5d43fdfa-fcba-4fe1-8ee2-2a503c338062/resourceGroups/tfm-brayanto/providers/Microsoft.Network/applicationGateways/3a094e6cbaae6246-appgw",
                "gateway_id": "/subscriptions/5d43fdfa-fcba-4fe1-8ee2-2a503c338062/resourceGroups/tfm-brayanto/providers/Microsoft.Network/applicationGateways/3a094e6cbaae6246-appgw",
                "gateway_name": "",
                "ingress_application_gateway_identity": [
                  {
                    "client_id": "fd31da5e-8f30-4298-bcc8-ac0833a97237",
                    "object_id": "bbb0dbcf-0dcc-4c06-b953-06f9a6732d7f",
                    "user_assigned_identity_id": "/subscriptions/5d43fdfa-fcba-4fe1-8ee2-2a503c338062/resourcegroups/MC_tfm-brayanto_aks-cluster_eastus/providers/Microsoft.ManagedIdentity/userAssignedIdentities/ingressapplicationgateway-aks-cluster"
                  }
                ],
                "subnet_cidr": "",
                "subnet_id": ""
              }
            ],
            "key_management_service": [],
            "key_vault_secrets_provider": [],
            "kube_admin_config": [],
            "kube_admin_config_raw": "",
            "kube_config": [
              {
                "client_certificate": "LS0tLS1CRUdJTiBDRVJUSUZJQ0FURS0tLS0tCk1JSUZIakNDQXdhZ0F3SUJBZ0lSQUpIcHY1NDBvZjRCT3BOdTc4Z2p3djB3RFFZSktvWklodmNOQVFFTEJRQXcKRFRFTE1Ba0dBMVVFQXhNQ1kyRXdIaGNOTWpVd056STJNRGt6T0RVMVdoY05NamN3TnpJMk1EazBPRFUxV2pBdwpNUmN3RlFZRFZRUUtFdzV6ZVhOMFpXMDZiV0Z6ZEdWeWN6RVZNQk1HQTFVRUF4TU1iV0Z6ZEdWeVkyeHBaVzUwCk1JSUNJakFOQmdrcWhraUc5dzBCQVFFRkFBT0NBZzhBTUlJQ0NnS0NBZ0VBN2psYVNvbmdaaEgwOGZPcEF4NlAKandrOUdUU0xibkovN2ZNN09DQ3RmMHNibDBwVUs4c3dZaEZHblRLOHlIbDRoTUtWajhHYnQ0YjJCU2E5OUtpSApQa1BHdHE4Qm1OVEpQMldVVzBSNHV4VXBZaTVNMkFZcVA1ZzhucFRLWWlWT0tpZHVISkJrZE5LaSsxS3Y3M3FVCk5iTkh6d2xmOVZidzBTTmxIdzFNUk16VlBBWmZvWHJHVjh5TFZtMklFVk5TZ09XWHRzY2REYWVtR1RCRVNxa0kKdTM0Uk52M2dDMTh4MlhvMm93d2plRE9KdGtwZkJ2UHZXdThKb1RRaXVtY3J2ai9kNUl5OFQ3T1VIMTZSR1RRawpRa0dNY1dzV21panlBTDFrSGEra2hrVEhXUG44L1Y2K1BkakVhcTVJM2dTTENielN3YUpoM0srVXR4dzVZV1RUCkdUODIwNnc3M2xnMmt0UGRWRjF5NTNoVG1teEpLbVhQS0U5NnROekJkQWVyUi9OcmZPc2RIeUluL2drMjJlNDEKdk9rL0NQYlFLSGJ4ZXlyUlpIRFM2M1c0V0FtU0kvWlAweW9QUDIyaFdSbmRpSTNISTdWVVdwR2ZGRU9JZHVIVQp0RGFOSWVzbjF0STRYK2FQMTNIK1A1a2lXdFlvNjVnQklNd3BKQmNLRHRoWW4vVm5NL3prYzBiRmJyU3liSHM2CjJYek00VTVNQmR5SUZaVkZtUURWUDlyVnpsUHRZbGFpSUw3eFROcTduSE1MOGhOZTlZaXhBOUR0Mkg5ZmZadlkKME9Va0hIQzN2ZlkxM0JVK0NiOFc5dnB0VkhySlhsM0d6c2VLSWR4UjRxVnBsdUlNU21QRGJDSDF4VUMxdXI1MgpleHNBZGhHNTQ5aGxJS2xMaUVBRllPa0NBd0VBQWFOV01GUXdEZ1lEVlIwUEFRSC9CQVFEQWdXZ01CTUdBMVVkCkpRUU1NQW9HQ0NzR0FRVUZCd01DTUF3R0ExVWRFd0VCL3dRQ01BQXdId1lEVlIwakJCZ3dGb0FVL0Y3SUlYUHYKMGlpOHI4QU5neU0vSWY3eDhMZ3dEUVlKS29aSWh2Y05BUUVMQlFBRGdnSUJBQldlRlRvU29CWHFaUzU4K0dxcApHZVpJODBwSWs0NnVYa01MUVVOeHZuMlBMVXcvell0ZURXMXl1YmxnZU1KWlg0WUpDb1V1NVRabkJFR3FGc01HCjdkYUpmN2tFai9sVXR6cXZnVkE0dTlvN2IwTStwMm51cDdIMXNsWFpHYmVweVhKR3dvVGNWdmtkTjQ1UXgyS2wKOGZSNm1yZjN6Z1oxanZHbUZrMWlHcVpSckIyVXBIL0E5OEZYZXhUU2FMMEVvaktCOEp2MHZoMERMNzg2NHo4bQpraUlPY3lzSmtjdEtPVjc0OFl1WlU0YlRPZDN1dVZOSmRhU1VzSWE4d2lrbm9uK29BOXVGRTlSZnpiY1MvdkVPCnFiN3R6MlYvVHdrRDNabjEzZkp4QWRVbTUzNVJsaFZ5RElhbHdiNG5HUDhCZ2owNG1zemI1VFE5RmlKcUNSVGkKVnNaMG1ZWit2OUs5azJQdEJWWFJiVVlZVjVjWGJtYTkrMkx3YmxZMzA2WmtyN2IrOC9oQkVjbUpZYnZDQ3FreQp5SGNCeGJJME1ydFpVbVI5MXdOaTVTbkltazl2dXBLSFVhRTZQM0ZJMGhFNnBkczVzUXRpdVBNLzQ4R1Y2ZExOCjZ2RmYycUx4bDZkYm5EcUZqbnZ1TGJPVjZnSnFqblRON0RUenFFZVRQRHp5a0N1eXFrcnNvWXIyaDVWRk9ZRjAKRlJDS0JOUk9JQkNlTTd4a3VVYmw1MlBuMDBlWjM4L1lWVThXeHFuU3o4L3FUUW1nMHpFc3pXcWpxMGM2RWtGYwp1RHlCTk8yK25uTGlhTlFNcHJuaXcrR09zVlU5N1VMbThPcUNJQWQ2bTFmc1R1U1JWSHJtZ0FYaFRXdXhqQmJICjV4Wi9xMlBEUFFoUHdqaG9QWlZMdmJVVAotLS0tLUVORCBDRVJUSUZJQ0FURS0tLS0tCg==",
                "client_key": "LS0tLS1CRUdJTiBSU0EgUFJJVkFURSBLRVktLS0tLQpNSUlKS0FJQkFBS0NBZ0VBN2psYVNvbmdaaEgwOGZPcEF4NlBqd2s5R1RTTGJuSi83Zk03T0NDdGYwc2JsMHBVCks4c3dZaEZHblRLOHlIbDRoTUtWajhHYnQ0YjJCU2E5OUtpSFBrUEd0cThCbU5USlAyV1VXMFI0dXhVcFlpNU0KMkFZcVA1ZzhucFRLWWlWT0tpZHVISkJrZE5LaSsxS3Y3M3FVTmJOSHp3bGY5VmJ3MFNObEh3MU1STXpWUEFaZgpvWHJHVjh5TFZtMklFVk5TZ09XWHRzY2REYWVtR1RCRVNxa0l1MzRSTnYzZ0MxOHgyWG8yb3d3amVET0p0a3BmCkJ2UHZXdThKb1RRaXVtY3J2ai9kNUl5OFQ3T1VIMTZSR1RRa1FrR01jV3NXbWlqeUFMMWtIYStraGtUSFdQbjgKL1Y2K1BkakVhcTVJM2dTTENielN3YUpoM0srVXR4dzVZV1RUR1Q4MjA2dzczbGcya3RQZFZGMXk1M2hUbW14SgpLbVhQS0U5NnROekJkQWVyUi9OcmZPc2RIeUluL2drMjJlNDF2T2svQ1BiUUtIYnhleXJSWkhEUzYzVzRXQW1TCkkvWlAweW9QUDIyaFdSbmRpSTNISTdWVVdwR2ZGRU9JZHVIVXREYU5JZXNuMXRJNFgrYVAxM0grUDVraVd0WW8KNjVnQklNd3BKQmNLRHRoWW4vVm5NL3prYzBiRmJyU3liSHM2Mlh6TTRVNU1CZHlJRlpWRm1RRFZQOXJWemxQdApZbGFpSUw3eFROcTduSE1MOGhOZTlZaXhBOUR0Mkg5ZmZadlkwT1VrSEhDM3ZmWTEzQlUrQ2I4Vzl2cHRWSHJKClhsM0d6c2VLSWR4UjRxVnBsdUlNU21QRGJDSDF4VUMxdXI1MmV4c0FkaEc1NDlobElLbExpRUFGWU9rQ0F3RUEKQVFLQ0FnQUsvaUl3cUFNWnJWWWR2TU45b3R2aUJhaElSazN4Zko3SVMvM2RhRmllaVVpT2ZINFNLcHFpeVM3MgpmYlcyRklZMHJodjVCR2liUSsyTXJhTW5Wb2d0eUlmZUVkNU9LZkl0YkQwTkp4cmhHeWdMNFVkbmZUQUJrT24vCk1WalRjRUJCU1dJc2pFSFpIWWZWZHIvVlJQL3cweGlMQm1Ealc5aUVvTHIvcWYxQ2ZDYzgwVmg1V3ZFckhRT3oKQUhQcEdoZGRDUHN0Wjlack5RNFdRYzFzNytHT0cvejV0TkVHci9wY3ZEc29NL0pidWhrWk55a0NhUFdRYWRFSwpjTWhIZDJUNUx2anpjbkVWY1J2SDJoL0huTW5ZTllQTEQxNG9JcC9rTVM1eVZqMWowQlJZMSttamhzc3dPYi82CmpPeWlNMjNOREdXM1RMY2RBcmNuUDBvQWpnYXE5VWowRHlaOFY4ZEsvMjZBVEkrbVVqRjNOL2RtYytIaWFCbVEKU1R0TzdkR1E4VVNraXIrSEFvWFltNkxyRHhqYVlhcThWK3FjNXVobEowTmg1WU9nMm8wQXRGTFd4K3hQNU5aMAppVE5DQXZiVFozdTk1UjlEaEYwdmQ1ZzdlREwvRmhiZjc0bFZEM0VTclFVYWo3WXM5SWx1TEFXTG40R2UvbHRsCjZNdkxsVW1za2ZUaU5RbEFCai94a3hXUlpqVTd0d0h3QmRKVWpKL1FjdUlLa1RMVXlGY09Yenc1STAwVTdFb3cKTEJqeFZqOHhHSzd0N3Z4Yk14VmwwRXRwM2lUV1drOEM2NCtEdjh6YnhjSElVa2NTMUZOZmhsYnFENk5vZHJRdQpTampZNU44S0NtRUQ4WXNwRWNtUEVPbUV0Q2R5cnNCMkN6V0hUNlUzaFNwL1QzMlR6d0tDQVFFQStnZ3JIbU9YCkwyMStUcE13Ymx5eEF2d1ExbTMzZm1LT1VOZnlNSHdFWHpQMDA4WDY3NzYxVXBzRmpFOEdlWG1qL3ppZUlKblEKWWVHeWN0My9IdzRFdFdhNGVEbWxZK0g3Z0ZQVUZidTA0SmhJVW5Vc25rUE9rRlRZV1pHNC9SV3JUNFhqTmlJWQpoRExtWHR4cjZ4blhreEpLZ2R4YWJUTmlSOWZDWmgvekxaM1NYNnBKWTA0WXBoNENjR1hYaDBESWJOLzJybmxyCnFycEd0L2Zvc2Ntb28wbHZUSVlPVGM0TFRGeDlKM2JiNy9PZjU3SkRtMFdjTGpxRlNMZUpKVXppL25tNVF0cjIKbWxCd3BjNG8xK0dpcmh0bmJiTlJWUFlqOElEdGF4SVg1aHRuRDd2VnVhOGtlWHE1bG1UWFBpNytnek4reXNObgpkeXpTbXU1RE5CRHlCd0tDQVFFQTgra0lIZU80ZUptcWhLQm9xbVYvcmxneG8yZU95SWF4S1lyZXhDMWhyZ29XCmtjNU1MbG51NUlPYkNNTDQxQXVyNVVLenpybHRsUHkwUDJzUXRIaDQ2anZDK3htUHRMRGZwbDk0YUtsUE53TkcKdVVUbGw4Y2ROcmRTV2Q3SHJUUWoxQlZ6UGFmRnFRMStGK2k2dStSa2FIT1ZBcVlFYW0xQmRkb0hYWjFCT3lNcApmYjVCeUpuRyt6dlU2L3RHaXQ3eFFWVzUrL2JOUGtKZDdEc3V0eUgvSjRqZVVlckNwTVFZQ2xMYll0NUNRS2ZECkVGZ1hGRFVyZnUxUjZkRFFUK0xJTFMxM0FudnM1MGViOGVUeDN1U2x2Y2N4NlVGcU95OXdxUzlhM2tURE1kOW0KVU5YUGt6TlBKM21pRFE0QkZoWFduZkNYMysrWll1a2RGTUVJak5pWmp3S0NBUUFvbXJqOTUyaC9BRVlaMXBkdgo1TWV1VjJjWW02VXN0aTZzZkZWTmdHWnBXNU92N0oveTNVS3ZGcFBSRkdoVncrWlpKVVd3djZueXEyZUNkZ0RmCmR6UldqVWI1NTBxdnJOeGVHNzcraEl3OFNSNjluVi9RbCt4c3pncVFpVFRFalFkVUU4Y3hYRm9rNWVzNWpveE0KRXRkS2dCYnZmZXlGZlduQmh3MS83a0pjcnh1aUE1S0ZlUUpSdjkvZmh2cDRjWkhhOUlnb0Qzbm5zUGFaRzc2RApXTjkxSFJEaEdZZ3JKSUg3TmEzeGdjRDM5OVdKR0E4WW9UWmEzNUFUbmhLOHB2N2FHc1IyVWY3b1VwWG9wMUZFCnRkVG9kM1RWZ09COWJyZXBjQmFlWThMVDBMRnRBYkVVeFplanpzVmk0aDkrYnIxUWEwVjFBa1RFT3RnODV1S3QKQ3U5ekFvSUJBUURBaGtaRDRZV3duQXErbVNkRXFNMDV2cCtmelpRa3NEeVMvK3lLaVErN0luZGlLNlp5UjhhTApWVjVBY2pXYW1vUGFlT1lZM01Da2d6dDdlM1U2SG9YQ3pkMC8rcE0yR3c3TjhqbkcweTJWek40OFN5ZTJ3QkpOCktESzJnV1MzVUpxZlF6Y3RpWW81d0U2eGJLQkl3eVNHVmdWZWk5Q2NlUlRjZzNhZzdBbWJOa3YvMXZkeDhmL2cKT3YvOExPRW5xSVpoL2RyS0NhdEQ0M3JqaG10L1hqUmE3bXdkMk9JKzBCSHh4Q2tyUnlpZ2hFc3lVWFlXRzBuego3RHRtQmM4SDM0Z0dNUWJwVFF4WUdtdjdhYTJKTkkybTJONktzWG02c2QySmpibDZER2pPcXZuR0FKN1NJQVB3CnNzKzQ0ajcxUWRPZjQxTGVEZS9TNVJKeFdWVDRaOWY5QW9JQkFIQUVsNk52dnZ5NHFZZzVMNzNmZy9XMWx5YWQKMTA5SWdPTHNXYmJrMzNubXpJV3BkSGF5Mjl0ZHVtSmoxUHBBNE1wTnEwcEZwazZydEc4RkxJZzFncnE4a2tVVwordXA2K09uTnJmTCtHUzFPc1g2bUdsbWh5NzE5SWRWOU1WNE1HZk1OZVdrcWMzcC9EWWNJZ21na1A3MHZ6aVhFCjZVSkdYNEFaYzNuTHN3N0ZMNTVDRThKUlMxU2IySmEzaEV5NVJnK21nekNjRTNVUzRxeHRoKytPOXZEak9ucGIKNHVQVmRyK3FVYzlPaVB6YnRSdk1acXBoZEtxR3o4UlV6dXJyYnZqSjYzOTluVjQzdlhKcmQrQWZDbnZpRUlheApkam5PbDFTOXg5aFd6cnp4UzJuTXoweFhVeGkxZ1RFQ3pTSEt0UWtVUVJBTGoycFZvUmdwUXhid1hCOD0KLS0tLS1FTkQgUlNBIFBSSVZBVEUgS0VZLS0tLS0K",
                "cluster_ca_certificate": "LS0tLS1CRUdJTiBDRVJUSUZJQ0FURS0tLS0tCk1JSUU2RENDQXRDZ0F3SUJBZ0lRWmtjTXVnVVZWdEtUOWFFbTdZWGxZREFOQmdrcWhraUc5dzBCQVFzRkFEQU4KTVFzd0NRWURWUVFERXdKallUQWdGdzB5TlRBM01qWXdPVE00TlRWYUdBOHlNRFUxTURjeU5qQTVORGcxTlZvdwpEVEVMTUFrR0ExVUVBeE1DWTJFd2dnSWlNQTBHQ1NxR1NJYjNEUUVCQVFVQUE0SUNEd0F3Z2dJS0FvSUNBUURECjNaZTkzSldRa1lmZDNtTUJlb3JlOEc4eUxsOFpLS0U4SCtQMGNKL1orTlBjSTFqOVJUcFdRMDVlRXFzT1FNTVMKQ2NoUWJ5c1NvM2dOQUdBSlgvVnZuRVZOSHdyTmJHZWM0K2s1N0hwSlJDWnpJWWRYY2pFUXo2aytud00wTG9CVApkN2RhVmgxa2NXWFVmTXFzVjVFUjZhdHlIL0dDMXpYRU11QmF0NWNUZ3MvRFMzQkdxSTlQZElTU1Zydmh6NGVICm03bXZkOHhlenRUaW41cFlUQjJES2VTNWNNL3p6cytncUhRcldxS1JSR1IyMVhoMnpCMzZFM3RqRjBRaG9pN0MKZEhRN0tTcmE0aU5qbFhDMmdPUlo1VStOV3ovcUxydXVlM0VHblA1VWRPd0JsQTZEbkV2dVpxUXRWRUc0WmtuZwpORk9GeG1YMG1DRmtYWFZhalZsSWhwZDF4c3YvRVl2UDJ5TTN5cTcxMlY5OGh1bUE4WlZpaHhFdE4wOXMwRVQwCkJnWTJ5K1NBSjdnN3prM0tTRzcyNDFrajZZRHUzbVk2ZjdnYWZXejdyVnNIVU1sU0gxWnIwZEtJUUZoMElkRnEKUmFJdkJub2M0UGZMaFdWODdtL3RiUUhuTWFsdlQ3U2NONWt2UmJ6c2xxTStkN0FHajJpOHdLa0Era0xTcjVjTgpabTJvSyt5SFlkRnZDTnhoemhldE45L0dTWWZFczU1MThmc1A3R2tIMXZZSnRaVGVYRTVnUzVTc0hQTzRrZWhPCjNHaG8yT1JYb29xVi9semMzVHBKQm1LRE14SEkwNVVLd2V6OHpVaktabmcyZnpSaW9HN2FnZ3dySCs4dWRhVzcKSDIvWWVqdWoyQ0x4Q0ZyWXBDZ3BGUWpkNjl1bkNSQkdEZGo4U0Nxakl3SURBUUFCbzBJd1FEQU9CZ05WSFE4QgpBZjhFQkFNQ0FxUXdEd1lEVlIwVEFRSC9CQVV3QXdFQi96QWRCZ05WSFE0RUZnUVUvRjdJSVhQdjBpaThyOEFOCmd5TS9JZjd4OExnd0RRWUpLb1pJaHZjTkFRRUxCUUFEZ2dJQkFLcGRnb0ZSSU50NVNZSThVajRrVktCYmhYUHEKRDBLMnQ0REtWKzlnN3VzSUVSZmE0NnRHUHprRWZ1dzhTcGxwcHcyUStDcy8vYzA1STBTZ1JWNWJvRkQvalorTQpZYWtXT1dCTFEyUUd0M1dCOVN1a2NLcnBmNXFOWGdOdzk2VDNDMVkxN1N3SVNlMml6WXpxWGdiN2F0UU5pUTNHClJCejNlcDRJcmRUTWFFcStEekQzR01TZ0FwRWo0RDlqNG55a0RIKys5L1ovVzJ2dVR1Szg1Ny9jcHRBWGRWM1gKZE8rWWxNSGx4V1BOeU9Zc2ZvRU9lOXFVQmV3RjNYT1JtRGxJVENVakM4TEFiaVFTYVM3elhvZmtxVmFpQTF1RwpiZmduNUcrbUg3R05sK2dNRWwyNUlGSXQxZGZVVjNLdXdDNkdXWTh3RkJTb0VZeTlTQVNPcnRzRFRPT0kyenVtCmtMWG1iVEZtMiswVWw3Tkw1MFYrQlFad1VjTWZTYmdmU3RpUjFGRTdhYW5NNWwvaTNTdityUm96RE5nYXl4MDkKeDdMM0JzajRDZFVrWThDN2FGV1J3M2NsWDdXZ3dWYTVWZEN2MGVxODlaZ2k0T3o3ZlcyeitueVFrdmh6aUZmcAo3c1MwbTdNY3RGZmVNQmxaL1NtOHlrVkFKalBGUlkvN2VTUkhEWkY5WDVmbnpZYmZWcUFZRWV6YnhSM1Via1MzCmZONWFmc3dlczFTRGJnaEh2L2xmVzh4NzdyRlJmRGxvaUszbXFMVlVLUUtsRUpZeVBodkpKcVovSEI5bGEwN3UKQ3ZwL0ZHWXREOXA0cnNaQjFkamxpWU9SM2VrOGIwL2RuYVVZTm1nYlYvQmRHWFRvck5xRXU3ZkVERmlGWjdMbApUVmMyUlZjSlVYV0orb1Q1Ci0tLS0tRU5EIENFUlRJRklDQVRFLS0tLS0K",
                "host": "https://aksdns-ao80lomj.hcp.eastus.azmk8s.io:443",
                "password": "cfvulcs5aak7c4f0eoesop4is0qof8ars16b3ruibsj5xka0oqy4hnr05lg14bxc3e6z6zmvsfhrx07frgal4on8by9jl4lhqk46ijae0bmhtuengs63r9vfl4f4o76s",
                "username": "clusterUser_tfm-brayanto_aks-cluster"
              }
            ],
            "kube_config_raw": "apiVersion: v1\nclusters:\n- cluster:\n    certificate-authority-data: LS0tLS1CRUdJTiBDRVJUSUZJQ0FURS0tLS0tCk1JSUU2RENDQXRDZ0F3SUJBZ0lRWmtjTXVnVVZWdEtUOWFFbTdZWGxZREFOQmdrcWhraUc5dzBCQVFzRkFEQU4KTVFzd0NRWURWUVFERXdKallUQWdGdzB5TlRBM01qWXdPVE00TlRWYUdBOHlNRFUxTURjeU5qQTVORGcxTlZvdwpEVEVMTUFrR0ExVUVBeE1DWTJFd2dnSWlNQTBHQ1NxR1NJYjNEUUVCQVFVQUE0SUNEd0F3Z2dJS0FvSUNBUURECjNaZTkzSldRa1lmZDNtTUJlb3JlOEc4eUxsOFpLS0U4SCtQMGNKL1orTlBjSTFqOVJUcFdRMDVlRXFzT1FNTVMKQ2NoUWJ5c1NvM2dOQUdBSlgvVnZuRVZOSHdyTmJHZWM0K2s1N0hwSlJDWnpJWWRYY2pFUXo2aytud00wTG9CVApkN2RhVmgxa2NXWFVmTXFzVjVFUjZhdHlIL0dDMXpYRU11QmF0NWNUZ3MvRFMzQkdxSTlQZElTU1Zydmh6NGVICm03bXZkOHhlenRUaW41cFlUQjJES2VTNWNNL3p6cytncUhRcldxS1JSR1IyMVhoMnpCMzZFM3RqRjBRaG9pN0MKZEhRN0tTcmE0aU5qbFhDMmdPUlo1VStOV3ovcUxydXVlM0VHblA1VWRPd0JsQTZEbkV2dVpxUXRWRUc0WmtuZwpORk9GeG1YMG1DRmtYWFZhalZsSWhwZDF4c3YvRVl2UDJ5TTN5cTcxMlY5OGh1bUE4WlZpaHhFdE4wOXMwRVQwCkJnWTJ5K1NBSjdnN3prM0tTRzcyNDFrajZZRHUzbVk2ZjdnYWZXejdyVnNIVU1sU0gxWnIwZEtJUUZoMElkRnEKUmFJdkJub2M0UGZMaFdWODdtL3RiUUhuTWFsdlQ3U2NONWt2UmJ6c2xxTStkN0FHajJpOHdLa0Era0xTcjVjTgpabTJvSyt5SFlkRnZDTnhoemhldE45L0dTWWZFczU1MThmc1A3R2tIMXZZSnRaVGVYRTVnUzVTc0hQTzRrZWhPCjNHaG8yT1JYb29xVi9semMzVHBKQm1LRE14SEkwNVVLd2V6OHpVaktabmcyZnpSaW9HN2FnZ3dySCs4dWRhVzcKSDIvWWVqdWoyQ0x4Q0ZyWXBDZ3BGUWpkNjl1bkNSQkdEZGo4U0Nxakl3SURBUUFCbzBJd1FEQU9CZ05WSFE4QgpBZjhFQkFNQ0FxUXdEd1lEVlIwVEFRSC9CQVV3QXdFQi96QWRCZ05WSFE0RUZnUVUvRjdJSVhQdjBpaThyOEFOCmd5TS9JZjd4OExnd0RRWUpLb1pJaHZjTkFRRUxCUUFEZ2dJQkFLcGRnb0ZSSU50NVNZSThVajRrVktCYmhYUHEKRDBLMnQ0REtWKzlnN3VzSUVSZmE0NnRHUHprRWZ1dzhTcGxwcHcyUStDcy8vYzA1STBTZ1JWNWJvRkQvalorTQpZYWtXT1dCTFEyUUd0M1dCOVN1a2NLcnBmNXFOWGdOdzk2VDNDMVkxN1N3SVNlMml6WXpxWGdiN2F0UU5pUTNHClJCejNlcDRJcmRUTWFFcStEekQzR01TZ0FwRWo0RDlqNG55a0RIKys5L1ovVzJ2dVR1Szg1Ny9jcHRBWGRWM1gKZE8rWWxNSGx4V1BOeU9Zc2ZvRU9lOXFVQmV3RjNYT1JtRGxJVENVakM4TEFiaVFTYVM3elhvZmtxVmFpQTF1RwpiZmduNUcrbUg3R05sK2dNRWwyNUlGSXQxZGZVVjNLdXdDNkdXWTh3RkJTb0VZeTlTQVNPcnRzRFRPT0kyenVtCmtMWG1iVEZtMiswVWw3Tkw1MFYrQlFad1VjTWZTYmdmU3RpUjFGRTdhYW5NNWwvaTNTdityUm96RE5nYXl4MDkKeDdMM0JzajRDZFVrWThDN2FGV1J3M2NsWDdXZ3dWYTVWZEN2MGVxODlaZ2k0T3o3ZlcyeitueVFrdmh6aUZmcAo3c1MwbTdNY3RGZmVNQmxaL1NtOHlrVkFKalBGUlkvN2VTUkhEWkY5WDVmbnpZYmZWcUFZRWV6YnhSM1Via1MzCmZONWFmc3dlczFTRGJnaEh2L2xmVzh4NzdyRlJmRGxvaUszbXFMVlVLUUtsRUpZeVBodkpKcVovSEI5bGEwN3UKQ3ZwL0ZHWXREOXA0cnNaQjFkamxpWU9SM2VrOGIwL2RuYVVZTm1nYlYvQmRHWFRvck5xRXU3ZkVERmlGWjdMbApUVmMyUlZjSlVYV0orb1Q1Ci0tLS0tRU5EIENFUlRJRklDQVRFLS0tLS0K\n    server: https://aksdns-ao80lomj.hcp.eastus.azmk8s.io:443\n  name: aks-cluster\ncontexts:\n- context:\n    cluster: aks-cluster\n    user: clusterUser_tfm-brayanto_aks-cluster\n  name: aks-cluster\ncurrent-context: aks-cluster\nkind: Config\npreferences: {}\nusers:\n- name: clusterUser_tfm-brayanto_aks-cluster\n  user:\n    client-certificate-data: LS0tLS1CRUdJTiBDRVJUSUZJQ0FURS0tLS0tCk1JSUZIakNDQXdhZ0F3SUJBZ0lSQUpIcHY1NDBvZjRCT3BOdTc4Z2p3djB3RFFZSktvWklodmNOQVFFTEJRQXcKRFRFTE1Ba0dBMVVFQXhNQ1kyRXdIaGNOTWpVd056STJNRGt6T0RVMVdoY05NamN3TnpJMk1EazBPRFUxV2pBdwpNUmN3RlFZRFZRUUtFdzV6ZVhOMFpXMDZiV0Z6ZEdWeWN6RVZNQk1HQTFVRUF4TU1iV0Z6ZEdWeVkyeHBaVzUwCk1JSUNJakFOQmdrcWhraUc5dzBCQVFFRkFBT0NBZzhBTUlJQ0NnS0NBZ0VBN2psYVNvbmdaaEgwOGZPcEF4NlAKandrOUdUU0xibkovN2ZNN09DQ3RmMHNibDBwVUs4c3dZaEZHblRLOHlIbDRoTUtWajhHYnQ0YjJCU2E5OUtpSApQa1BHdHE4Qm1OVEpQMldVVzBSNHV4VXBZaTVNMkFZcVA1ZzhucFRLWWlWT0tpZHVISkJrZE5LaSsxS3Y3M3FVCk5iTkh6d2xmOVZidzBTTmxIdzFNUk16VlBBWmZvWHJHVjh5TFZtMklFVk5TZ09XWHRzY2REYWVtR1RCRVNxa0kKdTM0Uk52M2dDMTh4MlhvMm93d2plRE9KdGtwZkJ2UHZXdThKb1RRaXVtY3J2ai9kNUl5OFQ3T1VIMTZSR1RRawpRa0dNY1dzV21panlBTDFrSGEra2hrVEhXUG44L1Y2K1BkakVhcTVJM2dTTENielN3YUpoM0srVXR4dzVZV1RUCkdUODIwNnc3M2xnMmt0UGRWRjF5NTNoVG1teEpLbVhQS0U5NnROekJkQWVyUi9OcmZPc2RIeUluL2drMjJlNDEKdk9rL0NQYlFLSGJ4ZXlyUlpIRFM2M1c0V0FtU0kvWlAweW9QUDIyaFdSbmRpSTNISTdWVVdwR2ZGRU9JZHVIVQp0RGFOSWVzbjF0STRYK2FQMTNIK1A1a2lXdFlvNjVnQklNd3BKQmNLRHRoWW4vVm5NL3prYzBiRmJyU3liSHM2CjJYek00VTVNQmR5SUZaVkZtUURWUDlyVnpsUHRZbGFpSUw3eFROcTduSE1MOGhOZTlZaXhBOUR0Mkg5ZmZadlkKME9Va0hIQzN2ZlkxM0JVK0NiOFc5dnB0VkhySlhsM0d6c2VLSWR4UjRxVnBsdUlNU21QRGJDSDF4VUMxdXI1MgpleHNBZGhHNTQ5aGxJS2xMaUVBRllPa0NBd0VBQWFOV01GUXdEZ1lEVlIwUEFRSC9CQVFEQWdXZ01CTUdBMVVkCkpRUU1NQW9HQ0NzR0FRVUZCd01DTUF3R0ExVWRFd0VCL3dRQ01BQXdId1lEVlIwakJCZ3dGb0FVL0Y3SUlYUHYKMGlpOHI4QU5neU0vSWY3eDhMZ3dEUVlKS29aSWh2Y05BUUVMQlFBRGdnSUJBQldlRlRvU29CWHFaUzU4K0dxcApHZVpJODBwSWs0NnVYa01MUVVOeHZuMlBMVXcvell0ZURXMXl1YmxnZU1KWlg0WUpDb1V1NVRabkJFR3FGc01HCjdkYUpmN2tFai9sVXR6cXZnVkE0dTlvN2IwTStwMm51cDdIMXNsWFpHYmVweVhKR3dvVGNWdmtkTjQ1UXgyS2wKOGZSNm1yZjN6Z1oxanZHbUZrMWlHcVpSckIyVXBIL0E5OEZYZXhUU2FMMEVvaktCOEp2MHZoMERMNzg2NHo4bQpraUlPY3lzSmtjdEtPVjc0OFl1WlU0YlRPZDN1dVZOSmRhU1VzSWE4d2lrbm9uK29BOXVGRTlSZnpiY1MvdkVPCnFiN3R6MlYvVHdrRDNabjEzZkp4QWRVbTUzNVJsaFZ5RElhbHdiNG5HUDhCZ2owNG1zemI1VFE5RmlKcUNSVGkKVnNaMG1ZWit2OUs5azJQdEJWWFJiVVlZVjVjWGJtYTkrMkx3YmxZMzA2WmtyN2IrOC9oQkVjbUpZYnZDQ3FreQp5SGNCeGJJME1ydFpVbVI5MXdOaTVTbkltazl2dXBLSFVhRTZQM0ZJMGhFNnBkczVzUXRpdVBNLzQ4R1Y2ZExOCjZ2RmYycUx4bDZkYm5EcUZqbnZ1TGJPVjZnSnFqblRON0RUenFFZVRQRHp5a0N1eXFrcnNvWXIyaDVWRk9ZRjAKRlJDS0JOUk9JQkNlTTd4a3VVYmw1MlBuMDBlWjM4L1lWVThXeHFuU3o4L3FUUW1nMHpFc3pXcWpxMGM2RWtGYwp1RHlCTk8yK25uTGlhTlFNcHJuaXcrR09zVlU5N1VMbThPcUNJQWQ2bTFmc1R1U1JWSHJtZ0FYaFRXdXhqQmJICjV4Wi9xMlBEUFFoUHdqaG9QWlZMdmJVVAotLS0tLUVORCBDRVJUSUZJQ0FURS0tLS0tCg==\n    client-key-data: LS0tLS1CRUdJTiBSU0EgUFJJVkFURSBLRVktLS0tLQpNSUlKS0FJQkFBS0NBZ0VBN2psYVNvbmdaaEgwOGZPcEF4NlBqd2s5R1RTTGJuSi83Zk03T0NDdGYwc2JsMHBVCks4c3dZaEZHblRLOHlIbDRoTUtWajhHYnQ0YjJCU2E5OUtpSFBrUEd0cThCbU5USlAyV1VXMFI0dXhVcFlpNU0KMkFZcVA1ZzhucFRLWWlWT0tpZHVISkJrZE5LaSsxS3Y3M3FVTmJOSHp3bGY5VmJ3MFNObEh3MU1STXpWUEFaZgpvWHJHVjh5TFZtMklFVk5TZ09XWHRzY2REYWVtR1RCRVNxa0l1MzRSTnYzZ0MxOHgyWG8yb3d3amVET0p0a3BmCkJ2UHZXdThKb1RRaXVtY3J2ai9kNUl5OFQ3T1VIMTZSR1RRa1FrR01jV3NXbWlqeUFMMWtIYStraGtUSFdQbjgKL1Y2K1BkakVhcTVJM2dTTENielN3YUpoM0srVXR4dzVZV1RUR1Q4MjA2dzczbGcya3RQZFZGMXk1M2hUbW14SgpLbVhQS0U5NnROekJkQWVyUi9OcmZPc2RIeUluL2drMjJlNDF2T2svQ1BiUUtIYnhleXJSWkhEUzYzVzRXQW1TCkkvWlAweW9QUDIyaFdSbmRpSTNISTdWVVdwR2ZGRU9JZHVIVXREYU5JZXNuMXRJNFgrYVAxM0grUDVraVd0WW8KNjVnQklNd3BKQmNLRHRoWW4vVm5NL3prYzBiRmJyU3liSHM2Mlh6TTRVNU1CZHlJRlpWRm1RRFZQOXJWemxQdApZbGFpSUw3eFROcTduSE1MOGhOZTlZaXhBOUR0Mkg5ZmZadlkwT1VrSEhDM3ZmWTEzQlUrQ2I4Vzl2cHRWSHJKClhsM0d6c2VLSWR4UjRxVnBsdUlNU21QRGJDSDF4VUMxdXI1MmV4c0FkaEc1NDlobElLbExpRUFGWU9rQ0F3RUEKQVFLQ0FnQUsvaUl3cUFNWnJWWWR2TU45b3R2aUJhaElSazN4Zko3SVMvM2RhRmllaVVpT2ZINFNLcHFpeVM3MgpmYlcyRklZMHJodjVCR2liUSsyTXJhTW5Wb2d0eUlmZUVkNU9LZkl0YkQwTkp4cmhHeWdMNFVkbmZUQUJrT24vCk1WalRjRUJCU1dJc2pFSFpIWWZWZHIvVlJQL3cweGlMQm1Ealc5aUVvTHIvcWYxQ2ZDYzgwVmg1V3ZFckhRT3oKQUhQcEdoZGRDUHN0Wjlack5RNFdRYzFzNytHT0cvejV0TkVHci9wY3ZEc29NL0pidWhrWk55a0NhUFdRYWRFSwpjTWhIZDJUNUx2anpjbkVWY1J2SDJoL0huTW5ZTllQTEQxNG9JcC9rTVM1eVZqMWowQlJZMSttamhzc3dPYi82CmpPeWlNMjNOREdXM1RMY2RBcmNuUDBvQWpnYXE5VWowRHlaOFY4ZEsvMjZBVEkrbVVqRjNOL2RtYytIaWFCbVEKU1R0TzdkR1E4VVNraXIrSEFvWFltNkxyRHhqYVlhcThWK3FjNXVobEowTmg1WU9nMm8wQXRGTFd4K3hQNU5aMAppVE5DQXZiVFozdTk1UjlEaEYwdmQ1ZzdlREwvRmhiZjc0bFZEM0VTclFVYWo3WXM5SWx1TEFXTG40R2UvbHRsCjZNdkxsVW1za2ZUaU5RbEFCai94a3hXUlpqVTd0d0h3QmRKVWpKL1FjdUlLa1RMVXlGY09Yenc1STAwVTdFb3cKTEJqeFZqOHhHSzd0N3Z4Yk14VmwwRXRwM2lUV1drOEM2NCtEdjh6YnhjSElVa2NTMUZOZmhsYnFENk5vZHJRdQpTampZNU44S0NtRUQ4WXNwRWNtUEVPbUV0Q2R5cnNCMkN6V0hUNlUzaFNwL1QzMlR6d0tDQVFFQStnZ3JIbU9YCkwyMStUcE13Ymx5eEF2d1ExbTMzZm1LT1VOZnlNSHdFWHpQMDA4WDY3NzYxVXBzRmpFOEdlWG1qL3ppZUlKblEKWWVHeWN0My9IdzRFdFdhNGVEbWxZK0g3Z0ZQVUZidTA0SmhJVW5Vc25rUE9rRlRZV1pHNC9SV3JUNFhqTmlJWQpoRExtWHR4cjZ4blhreEpLZ2R4YWJUTmlSOWZDWmgvekxaM1NYNnBKWTA0WXBoNENjR1hYaDBESWJOLzJybmxyCnFycEd0L2Zvc2Ntb28wbHZUSVlPVGM0TFRGeDlKM2JiNy9PZjU3SkRtMFdjTGpxRlNMZUpKVXppL25tNVF0cjIKbWxCd3BjNG8xK0dpcmh0bmJiTlJWUFlqOElEdGF4SVg1aHRuRDd2VnVhOGtlWHE1bG1UWFBpNytnek4reXNObgpkeXpTbXU1RE5CRHlCd0tDQVFFQTgra0lIZU80ZUptcWhLQm9xbVYvcmxneG8yZU95SWF4S1lyZXhDMWhyZ29XCmtjNU1MbG51NUlPYkNNTDQxQXVyNVVLenpybHRsUHkwUDJzUXRIaDQ2anZDK3htUHRMRGZwbDk0YUtsUE53TkcKdVVUbGw4Y2ROcmRTV2Q3SHJUUWoxQlZ6UGFmRnFRMStGK2k2dStSa2FIT1ZBcVlFYW0xQmRkb0hYWjFCT3lNcApmYjVCeUpuRyt6dlU2L3RHaXQ3eFFWVzUrL2JOUGtKZDdEc3V0eUgvSjRqZVVlckNwTVFZQ2xMYll0NUNRS2ZECkVGZ1hGRFVyZnUxUjZkRFFUK0xJTFMxM0FudnM1MGViOGVUeDN1U2x2Y2N4NlVGcU95OXdxUzlhM2tURE1kOW0KVU5YUGt6TlBKM21pRFE0QkZoWFduZkNYMysrWll1a2RGTUVJak5pWmp3S0NBUUFvbXJqOTUyaC9BRVlaMXBkdgo1TWV1VjJjWW02VXN0aTZzZkZWTmdHWnBXNU92N0oveTNVS3ZGcFBSRkdoVncrWlpKVVd3djZueXEyZUNkZ0RmCmR6UldqVWI1NTBxdnJOeGVHNzcraEl3OFNSNjluVi9RbCt4c3pncVFpVFRFalFkVUU4Y3hYRm9rNWVzNWpveE0KRXRkS2dCYnZmZXlGZlduQmh3MS83a0pjcnh1aUE1S0ZlUUpSdjkvZmh2cDRjWkhhOUlnb0Qzbm5zUGFaRzc2RApXTjkxSFJEaEdZZ3JKSUg3TmEzeGdjRDM5OVdKR0E4WW9UWmEzNUFUbmhLOHB2N2FHc1IyVWY3b1VwWG9wMUZFCnRkVG9kM1RWZ09COWJyZXBjQmFlWThMVDBMRnRBYkVVeFplanpzVmk0aDkrYnIxUWEwVjFBa1RFT3RnODV1S3QKQ3U5ekFvSUJBUURBaGtaRDRZV3duQXErbVNkRXFNMDV2cCtmelpRa3NEeVMvK3lLaVErN0luZGlLNlp5UjhhTApWVjVBY2pXYW1vUGFlT1lZM01Da2d6dDdlM1U2SG9YQ3pkMC8rcE0yR3c3TjhqbkcweTJWek40OFN5ZTJ3QkpOCktESzJnV1MzVUpxZlF6Y3RpWW81d0U2eGJLQkl3eVNHVmdWZWk5Q2NlUlRjZzNhZzdBbWJOa3YvMXZkeDhmL2cKT3YvOExPRW5xSVpoL2RyS0NhdEQ0M3JqaG10L1hqUmE3bXdkMk9JKzBCSHh4Q2tyUnlpZ2hFc3lVWFlXRzBuego3RHRtQmM4SDM0Z0dNUWJwVFF4WUdtdjdhYTJKTkkybTJONktzWG02c2QySmpibDZER2pPcXZuR0FKN1NJQVB3CnNzKzQ0ajcxUWRPZjQxTGVEZS9TNVJKeFdWVDRaOWY5QW9JQkFIQUVsNk52dnZ5NHFZZzVMNzNmZy9XMWx5YWQKMTA5SWdPTHNXYmJrMzNubXpJV3BkSGF5Mjl0ZHVtSmoxUHBBNE1wTnEwcEZwazZydEc4RkxJZzFncnE4a2tVVwordXA2K09uTnJmTCtHUzFPc1g2bUdsbWh5NzE5SWRWOU1WNE1HZk1OZVdrcWMzcC9EWWNJZ21na1A3MHZ6aVhFCjZVSkdYNEFaYzNuTHN3N0ZMNTVDRThKUlMxU2IySmEzaEV5NVJnK21nekNjRTNVUzRxeHRoKytPOXZEak9ucGIKNHVQVmRyK3FVYzlPaVB6YnRSdk1acXBoZEtxR3o4UlV6dXJyYnZqSjYzOTluVjQzdlhKcmQrQWZDbnZpRUlheApkam5PbDFTOXg5aFd6cnp4UzJuTXoweFhVeGkxZ1RFQ3pTSEt0UWtVUVJBTGoycFZvUmdwUXhid1hCOD0KLS0tLS1FTkQgUlNBIFBSSVZBVEUgS0VZLS0tLS0K\n    token: cfvulcs5aak7c4f0eoesop4is0qof8ars16b3ruibsj5xka0oqy4hnr05lg14bxc3e6z6zmvsfhrx07frgal4on8by9jl4lhqk46ijae0bmhtuengs63r9vfl4f4o76s\n",
            "kubelet_identity": [
              {
                "client_id": "7a9ba513-7c1a-4bb1-b2e8-b932b4f89f65",
                "object_id": "0237f447-56bb-4619-b503-d29cf7528a25",
                "user_assigned_identity_id": "/subscriptions/5d43fdfa-fcba-4fe1-8ee2-2a503c338062/resourceGroups/MC_tfm-brayanto_aks-cluster_eastus/providers/Microsoft.ManagedIdentity/userAssignedIdentities/aks-cluster-agentpool"
              }
            ],
            "kubernetes_version": "1.32",
            "linux_profile": [],
            "local_account_disabled": false,
            "location": "eastus",
            "maintenance_window": [],
            "maintenance_window_auto_upgrade": [],
            "maintenance_window_node_os": [],
            "microsoft_defender": [],
            "monitor_metrics": [],
            "name": "aks-cluster",
            "network_profile": [
              {
                "dns_service_ip": "10.0.0.10",
                "ip_versions": [
                  "IPv4"
                ],
                "load_balancer_profile": [
                  {
                    "backend_pool_type": "NodeIPConfiguration",
                    "effective_outbound_ips": [
                      "/subscriptions/5d43fdfa-fcba-4fe1-8ee2-2a503c338062/resourceGroups/MC_tfm-brayanto_aks-cluster_eastus/providers/Microsoft.Network/publicIPAddresses/8a4bd705-08dc-4a59-9a21-ac52641a1e55"
                    ],
                    "idle_timeout_in_minutes": 0,
                    "managed_outbound_ip_count": 1,
                    "managed_outbound_ipv6_count": 0,
                    "outbound_ip_address_ids": [],
                    "outbound_ip_prefix_ids": [],
                    "outbound_ports_allocated": 0
                  }
                ],
                "load_balancer_sku": "standard",
                "nat_gateway_profile": [],
                "network_data_plane": "azure",
                "network_mode": "",
                "network_plugin": "azure",
                "network_plugin_mode": "",
                "network_policy": "azure",
                "outbound_type": "loadBalancer",
                "pod_cidr": "",
                "pod_cidrs": [],
                "service_cidr": "10.0.0.0/16",
                "service_cidrs": [
                  "10.0.0.0/16"
                ]
              }
            ],
            "node_os_upgrade_channel": "NodeImage",
            "node_resource_group": "MC_tfm-brayanto_aks-cluster_eastus",
            "node_resource_group_id": "/subscriptions/5d43fdfa-fcba-4fe1-8ee2-2a503c338062/resourceGroups/MC_tfm-brayanto_aks-cluster_eastus",
            "oidc_issuer_enabled": false,
            "oidc_issuer_url": "",
            "oms_agent": [],
            "open_service_mesh_enabled": false,
            "portal_fqdn": "aksdns-ao80lomj.portal.hcp.eastus.azmk8s.io",
            "private_cluster_enabled": false,
            "private_cluster_public_fqdn_enabled": false,
            "private_dns_zone_id": "",
            "private_fqdn": "",
            "resource_group_name": "tfm-brayanto",
            "role_based_access_control_enabled": true,
            "run_command_enabled": true,
            "service_mesh_profile": [],
            "service_principal": [],
            "sku_tier": "Free",
            "storage_profile": [],
            "support_plan": "KubernetesOfficial",
            "tags": {
              "Environment": "Dev"
            },
            "timeouts": null,
            "upgrade_override": [],
            "web_app_routing": [],
            "windows_profile": [
              {
                "admin_password": "",
                "admin_username": "azureuser",
                "gmsa": [],
                "license": ""
              }
            ],
            "workload_autoscaler_profile": [],
            "workload_identity_enabled": false
          },
          "sensitive_attributes": [],
          "private": "eyJlMmJmYjczMC1lY2FhLTExZTYtOGY4OC0zNDM2M2JjN2M0YzAiOnsiY3JlYXRlIjo1NDAwMDAwMDAwMDAwLCJkZWxldGUiOjU0MDAwMDAwMDAwMDAsInJlYWQiOjMwMDAwMDAwMDAwMCwidXBkYXRlIjo1NDAwMDAwMDAwMDAwfSwic2NoZW1hX3ZlcnNpb24iOiIyIn0=",
          "dependencies": [
            "azurerm_application_gateway.app_gateway",
            "azurerm_public_ip.app_gateway_pip",
            "azurerm_resource_group.rg",
            "azurerm_subnet.aks_subnet",
            "azurerm_subnet.app_gateway_subnet",
            "random_id.prefix"
          ]
        }
      ]
    },
    {
      "module": "module.aks",
      "mode": "managed",
      "type": "azurerm_role_assignment",
      "name": "agic_app_gateway_contributor",
      "provider": "provider[\"registry.terraform.io/hashicorp/azurerm\"]",
      "instances": [
        {
          "index_key": 0,
          "schema_version": 0,
          "attributes": {
            "condition": "",
            "condition_version": "",
            "delegated_managed_identity_resource_id": "",
            "description": "",
            "id": "/subscriptions/5d43fdfa-fcba-4fe1-8ee2-2a503c338062/resourceGroups/tfm-brayanto/providers/Microsoft.Network/applicationGateways/3a094e6cbaae6246-appgw/providers/Microsoft.Authorization/roleAssignments/65495b90-bd24-fb6b-6c78-e166223d390b",
            "name": "65495b90-bd24-fb6b-6c78-e166223d390b",
            "principal_id": "bbb0dbcf-0dcc-4c06-b953-06f9a6732d7f",
            "principal_type": "ServicePrincipal",
            "role_definition_id": "/subscriptions/5d43fdfa-fcba-4fe1-8ee2-2a503c338062/providers/Microsoft.Authorization/roleDefinitions/b24988ac-6180-42a0-ab88-20f7382dd24c",
            "role_definition_name": "Contributor",
            "scope": "/subscriptions/5d43fdfa-fcba-4fe1-8ee2-2a503c338062/resourceGroups/tfm-brayanto/providers/Microsoft.Network/applicationGateways/3a094e6cbaae6246-appgw",
            "skip_service_principal_aad_check": null,
            "timeouts": null
          },
          "sensitive_attributes": [],
          "private": "eyJlMmJmYjczMC1lY2FhLTExZTYtOGY4OC0zNDM2M2JjN2M0YzAiOnsiY3JlYXRlIjoxODAwMDAwMDAwMDAwLCJkZWxldGUiOjE4MDAwMDAwMDAwMDAsInJlYWQiOjMwMDAwMDAwMDAwMH19",
          "dependencies": [
            "azurerm_application_gateway.app_gateway",
            "azurerm_public_ip.app_gateway_pip",
            "azurerm_resource_group.rg",
            "azurerm_subnet.aks_subnet",
            "azurerm_subnet.app_gateway_subnet",
            "azurerm_virtual_network.aks_vnet",
            "module.aks.azurerm_kubernetes_cluster.this",
            "random_id.prefix"
          ]
        }
      ]
    },
    {
      "module": "module.aks",
      "mode": "managed",
      "type": "azurerm_role_assignment",
      "name": "agic_network_contributor",
      "provider": "provider[\"registry.terraform.io/hashicorp/azurerm\"]",
      "instances": [
        {
          "index_key": 0,
          "schema_version": 0,
          "attributes": {
            "condition": "",
            "condition_version": "",
            "delegated_managed_identity_resource_id": "",
            "description": "",
            "id": "/subscriptions/5d43fdfa-fcba-4fe1-8ee2-2a503c338062/resourceGroups/tfm-brayanto/providers/Microsoft.Authorization/roleAssignments/751e9ac8-17b4-62e0-2c4b-fed404c1b317",
            "name": "751e9ac8-17b4-62e0-2c4b-fed404c1b317",
            "principal_id": "bbb0dbcf-0dcc-4c06-b953-06f9a6732d7f",
            "principal_type": "ServicePrincipal",
            "role_definition_id": "/subscriptions/5d43fdfa-fcba-4fe1-8ee2-2a503c338062/providers/Microsoft.Authorization/roleDefinitions/4d97b98b-1d4f-4787-a291-c67834d212e7",
            "role_definition_name": "Network Contributor",
            "scope": "/subscriptions/5d43fdfa-fcba-4fe1-8ee2-2a503c338062/resourceGroups/tfm-brayanto",
            "skip_service_principal_aad_check": null,
            "timeouts": null
          },
          "sensitive_attributes": [],
          "private": "eyJlMmJmYjczMC1lY2FhLTExZTYtOGY4OC0zNDM2M2JjN2M0YzAiOnsiY3JlYXRlIjoxODAwMDAwMDAwMDAwLCJkZWxldGUiOjE4MDAwMDAwMDAwMDAsInJlYWQiOjMwMDAwMDAwMDAwMH19",
          "dependencies": [
            "azurerm_application_gateway.app_gateway",
            "azurerm_public_ip.app_gateway_pip",
            "azurerm_resource_group.rg",
            "azurerm_subnet.aks_subnet",
            "azurerm_subnet.app_gateway_subnet",
            "module.aks.azurerm_kubernetes_cluster.this",
            "module.aks.data.azurerm_client_config.current",
            "random_id.prefix"
          ]
        }
      ]
    },
    {
      "module": "module.aks",
      "mode": "managed",
      "type": "azurerm_role_assignment",
      "name": "agic_resource_group_reader",
      "provider": "provider[\"registry.terraform.io/hashicorp/azurerm\"]",
      "instances": [
        {
          "index_key": 0,
          "schema_version": 0,
          "attributes": {
            "condition": "",
            "condition_version": "",
            "delegated_managed_identity_resource_id": "",
            "description": "",
            "id": "/subscriptions/5d43fdfa-fcba-4fe1-8ee2-2a503c338062/resourceGroups/tfm-brayanto/providers/Microsoft.Authorization/roleAssignments/f036fec9-91fc-4125-ccb0-0cb86cd52fb1",
            "name": "f036fec9-91fc-4125-ccb0-0cb86cd52fb1",
            "principal_id": "bbb0dbcf-0dcc-4c06-b953-06f9a6732d7f",
            "principal_type": "ServicePrincipal",
            "role_definition_id": "/subscriptions/5d43fdfa-fcba-4fe1-8ee2-2a503c338062/providers/Microsoft.Authorization/roleDefinitions/acdd72a7-3385-48ef-bd42-f606fba81ae7",
            "role_definition_name": "Reader",
            "scope": "/subscriptions/5d43fdfa-fcba-4fe1-8ee2-2a503c338062/resourceGroups/tfm-brayanto",
            "skip_service_principal_aad_check": null,
            "timeouts": null
          },
          "sensitive_attributes": [],
          "private": "eyJlMmJmYjczMC1lY2FhLTExZTYtOGY4OC0zNDM2M2JjN2M0YzAiOnsiY3JlYXRlIjoxODAwMDAwMDAwMDAwLCJkZWxldGUiOjE4MDAwMDAwMDAwMDAsInJlYWQiOjMwMDAwMDAwMDAwMH19",
          "dependencies": [
            "azurerm_application_gateway.app_gateway",
            "azurerm_public_ip.app_gateway_pip",
            "azurerm_resource_group.rg",
            "azurerm_subnet.aks_subnet",
            "azurerm_subnet.app_gateway_subnet",
            "module.aks.azurerm_kubernetes_cluster.this",
            "module.aks.data.azurerm_client_config.current",
            "random_id.prefix"
          ]
        }
      ]
    },
    {
      "module": "module.helm_apps",
      "mode": "managed",
      "type": "helm_release",
      "name": "nginx_app",
      "provider": "provider[\"registry.terraform.io/hashicorp/helm\"]",
      "instances": [
        {
          "schema_version": 2,
          "attributes": {
            "atomic": false,
            "chart": "nginx",
            "cleanup_on_fail": false,
            "create_namespace": true,
            "dependency_update": false,
            "description": null,
            "devel": null,
            "disable_crd_hooks": false,
            "disable_openapi_validation": false,
            "disable_webhooks": false,
            "force_update": false,
            "id": "nginx-demo",
            "keyring": null,
            "lint": false,
            "manifest": null,
            "max_history": 0,
            "metadata": {
              "app_version": "1.25.3",
              "chart": "nginx",
              "first_deployed": 1753532058,
              "last_deployed": 1753532058,
              "name": "nginx-demo",
              "namespace": "test-apps",
              "notes": "CHART NAME: nginx\nCHART VERSION: 15.4.4\nAPP VERSION: 1.25.3\n\n** Please be patient while the chart is being deployed **\nNGINX can be accessed through the following DNS name from within your cluster:\n\n    nginx-demo.test-apps.svc.cluster.local (port 80)\n\nTo access NGINX from outside the cluster, follow the steps below:\n\n1. Get the NGINX URL by running these commands:\n\n    export SERVICE_PORT=$(kubectl get --namespace test-apps -o jsonpath=\"{.spec.ports[0].port}\" services nginx-demo)\n    kubectl port-forward --namespace test-apps svc/nginx-demo ${SERVICE_PORT}:${SERVICE_PORT} \u0026\n    echo \"http://127.0.0.1:${SERVICE_PORT}\"\n",
              "revision": 1,
              "values": "{\"ingress\":{\"annotations\":{\"kubernetes.io/ingress.class\":\"azure/application-gateway\"},\"enabled\":false,\"hostname\":\"\",\"ingressClassName\":\"azure-application-gateway\",\"path\":\"/nginx\",\"pathType\":\"Prefix\"},\"replicaCount\":2,\"resources\":{\"limits\":{\"cpu\":\"500m\",\"memory\":\"512Mi\"},\"requests\":{\"cpu\":\"250m\",\"memory\":\"256Mi\"}},\"service\":{\"type\":\"ClusterIP\"}}",
              "version": "15.4.4"
            },
            "name": "nginx-demo",
            "namespace": "test-apps",
            "pass_credentials": false,
            "postrender": null,
            "recreate_pods": false,
            "render_subchart_notes": true,
            "replace": false,
            "repository": "https://charts.bitnami.com/bitnami",
            "repository_ca_file": null,
            "repository_cert_file": null,
            "repository_key_file": null,
            "repository_password": null,
            "repository_username": null,
            "reset_values": false,
            "reuse_values": false,
            "set": null,
            "set_list": null,
            "set_sensitive": null,
            "set_wo": null,
            "set_wo_revision": null,
            "skip_crds": false,
            "status": "deployed",
            "timeout": 300,
            "values": [
              "\"ingress\":\n  \"annotations\":\n    \"kubernetes.io/ingress.class\": \"azure/application-gateway\"\n  \"enabled\": false\n  \"hostname\": \"\"\n  \"ingressClassName\": \"azure-application-gateway\"\n  \"path\": \"/nginx\"\n  \"pathType\": \"Prefix\"\n\"replicaCount\": 2\n\"resources\":\n  \"limits\":\n    \"cpu\": \"500m\"\n    \"memory\": \"512Mi\"\n  \"requests\":\n    \"cpu\": \"250m\"\n    \"memory\": \"256Mi\"\n\"service\":\n  \"type\": \"ClusterIP\"\n"
            ],
            "verify": false,
            "version": "15.4.4",
            "wait": true,
            "wait_for_jobs": false
          },
          "sensitive_attributes": [],
          "dependencies": [
            "azurerm_application_gateway.app_gateway",
            "azurerm_public_ip.app_gateway_pip",
            "azurerm_resource_group.rg",
            "azurerm_subnet.aks_subnet",
            "azurerm_subnet.app_gateway_subnet",
            "azurerm_virtual_network.aks_vnet",
            "module.aks.azurerm_kubernetes_cluster.this",
            "module.aks.azurerm_role_assignment.agic_app_gateway_contributor",
            "module.aks.azurerm_role_assignment.agic_network_contributor",
            "module.aks.azurerm_role_assignment.agic_resource_group_reader",
            "module.aks.data.azurerm_client_config.current",
            "random_id.prefix"
          ]
        }
      ]
    }
  ],
  "check_results": null
}
